
Microsoft Visual Studio Solution File, Format Version 11.00
# Visual Studio 2010
Project("{F184B08F-C81C-45F6-A57F-5ABD9991F28F}") = "FN4EntradaTxtCtl", "FN4EntradaTxtCtl\FN4EntradaTxtCtl.vbproj", "{10D69706-091A-47E6-A1D8-56A60CD3CDEE}"
EndProject
Project("{F184B08F-C81C-45F6-A57F-5ABD9991F28F}") = "FN4Chamadas", "FN4EntradaTxtWin\FN4Chamadas.vbproj", "{DAE84B7B-D4F3-461F-ACFF-8371DFF5E595}"
EndProject
Project("{F184B08F-C81C-45F6-A57F-5ABD9991F28F}") = "FN4Common", "FN4Common\FN4Common.vbproj", "{AE6178E0-CDCC-421F-855D-467327F03292}"
EndProject
Project("{F184B08F-C81C-45F6-A57F-5ABD9991F28F}") = "FN4MonitorWS", "FN4MonitorWS\FN4MonitorWS.vbproj", "{6B270E2B-0F8C-4D2D-B6DB-11F5FB7001C7}"
EndProject
Project("{F184B08F-C81C-45F6-A57F-5ABD9991F28F}") = "FN4EnvioCtl", "FN4EnvioCtl\FN4EnvioCtl.vbproj", "{57CCEF3B-9B0C-449D-995B-6D2251D57903}"
EndProject
Project("{F184B08F-C81C-45F6-A57F-5ABD9991F28F}") = "FN4RetornoCtl", "FN4RetornoCtl\FN4RetornoCtl.vbproj", "{591B3250-2C19-46C3-A90C-FB2651362129}"
EndProject
Project("{F184B08F-C81C-45F6-A57F-5ABD9991F28F}") = "FN4EnvioSvc", "FN4EnvioSvc\FN4EnvioSvc.vbproj", "{6291B41D-E8E7-445D-817A-7A8E0982E576}"
EndProject
Project("{F184B08F-C81C-45F6-A57F-5ABD9991F28F}") = "FN4ImpressaoCtl", "FN4ImpressaoCtl\FN4ImpressaoCtl.vbproj", "{577451EE-CADA-462E-A923-90ABF77EF5C7}"
EndProject
Project("{F184B08F-C81C-45F6-A57F-5ABD9991F28F}") = "FN4ImpressaoSvc", "FN4ImpressaoSvc\FN4ImpressaoSvc.vbproj", "{26562686-8763-450C-8297-3F693D0949FB}"
EndProject
Project("{F184B08F-C81C-45F6-A57F-5ABD9991F28F}") = "FN4PortalWS", "FN4PortalWS\FN4PortalWS.vbproj", "{B472E71D-5D09-40FA-BD6D-5187600C2AA1}"
EndProject
Project("{F184B08F-C81C-45F6-A57F-5ABD9991F28F}") = "FN4EntradaTxtSvc", "FN4EntradaTxtSvc\FN4EntradaTxtSvc.vbproj", "{4EEA0931-A6C6-49DB-BF37-0204E9838E87}"
EndProject
Project("{F184B08F-C81C-45F6-A57F-5ABD9991F28F}") = "FN4EmailCtl", "FN4EmailCtl\FN4EmailCtl.vbproj", "{876C0597-AB59-4649-A5A0-CB072BCA7C4F}"
EndProject
Project("{F184B08F-C81C-45F6-A57F-5ABD9991F28F}") = "FN4EmailSvc", "FN4EmailSvc\FN4EmailSvc.vbproj", "{0CDCD4A4-8020-4F69-8500-FB2C06836C4F}"
EndProject
Project("{F184B08F-C81C-45F6-A57F-5ABD9991F28F}") = "FN4ConsultaStatusNFe", "ConsultaStatusNFe\FN4ConsultaStatusNFe.vbproj", "{15C2C138-8B10-4D7E-84D1-CD62000474C9}"
EndProject
Project("{F184B08F-C81C-45F6-A57F-5ABD9991F28F}") = "RenomeioSvc", "RenomeioSvc\RenomeioSvc.vbproj", "{274A3C4D-89EC-4E95-9AFB-7920BC985350}"
EndProject
Project("{F184B08F-C81C-45F6-A57F-5ABD9991F28F}") = "RenomeioCtl", "RenomeioCtl\RenomeioCtl.vbproj", "{C8F9C8B9-E943-486A-A19F-0A8CD6CBCBE5}"
EndProject
Project("{F184B08F-C81C-45F6-A57F-5ABD9991F28F}") = "RenomeioWin", "RenomeioWin\RenomeioWin.vbproj", "{5A1968D1-4372-4714-9488-01CBDF24A3FD}"
EndProject
Project("{F184B08F-C81C-45F6-A57F-5ABD9991F28F}") = "FN4Webservices", "FN4Webservices\FN4Webservices.vbproj", "{4C311B0F-976B-41D1-8B68-CE76E3F10C7C}"
EndProject
Project("{F184B08F-C81C-45F6-A57F-5ABD9991F28F}") = "FN4PdfDanfeCtl", "FN4PdfDanfeCtl\FN4PdfDanfeCtl.vbproj", "{354EE1F7-2A8D-4374-9266-0EB08A3F8C48}"
EndProject
Project("{F184B08F-C81C-45F6-A57F-5ABD9991F28F}") = "FN4PdfDanfeSvc", "FN4PdfDanfeSvc\FN4PdfDanfeSvc.vbproj", "{1B74998F-544D-4F9B-A788-D8A66486BD9A}"
EndProject
Project("{F184B08F-C81C-45F6-A57F-5ABD9991F28F}") = "FN4PdfDanfeWin", "FN4PdfDanfeWin\FN4PdfDanfeWin.vbproj", "{272F00B1-B329-4DBF-898F-554672F6282D}"
EndProject
Project("{FAE04EC0-301F-11D3-BF4B-00C04F79EFBC}") = "FN4InutilizacaoCtl", "FN4InutilizacaoCtl\FN4InutilizacaoCtl.csproj", "{1058A7C6-B44B-4853-839C-4F341E56A9C8}"
EndProject
Project("{FAE04EC0-301F-11D3-BF4B-00C04F79EFBC}") = "FN4InutilizacaoSvc", "FN4InutilizacaoSvc\FN4InutilizacaoSvc.csproj", "{A2C639AA-52B9-4311-8582-81DDD49BA8B8}"
EndProject
Project("{FAE04EC0-301F-11D3-BF4B-00C04F79EFBC}") = "FN4IntegracaoPostBackCtl", "FN4IntegracaoPostBackCtl\FN4IntegracaoPostBackCtl.csproj", "{6656F5E1-3110-4898-84CE-2CBBD8907809}"
EndProject
Project("{2150E333-8FDC-42A3-9474-1A3956D46DE8}") = "Solution Items", "Solution Items", "{E2ED0BC9-7E05-45B4-97B6-088130AD4474}"
	ProjectSection(SolutionItems) = preProject
		Fisconet4.vsmdi = Fisconet4.vsmdi
		Local.testsettings = Local.testsettings
		TraceAndTestImpact.testsettings = TraceAndTestImpact.testsettings
	EndProjectSection
EndProject
Project("{FAE04EC0-301F-11D3-BF4B-00C04F79EFBC}") = "FN4IntegracaoPostBackSvc", "FN4IntegracaoPostBackSvc\FN4IntegracaoPostBackSvc.csproj", "{FCB53E6F-1543-47B6-AC39-22F7649BD14F}"
EndProject
Project("{F184B08F-C81C-45F6-A57F-5ABD9991F28F}") = "Fn4IntegradorNFeCommerceCtrl", "Fn4IntegradorNFeCommerceCtrl\Fn4IntegradorNFeCommerceCtrl.vbproj", "{CB3D2A28-A56F-4B6C-A3D0-A6D0E17AF5C2}"
EndProject
Project("{F184B08F-C81C-45F6-A57F-5ABD9991F28F}") = "Fn4IntegradorNFeCommerceSvc", "Fn4IntegradorNFeCommerceSvc\Fn4IntegradorNFeCommerceSvc.vbproj", "{AD4D18CB-C240-44C7-9CE9-BDA3D5F71337}"
EndProject
Project("{F184B08F-C81C-45F6-A57F-5ABD9991F28F}") = "FN4MessageriaCtl", "FN4MessageriaCtl\FN4MessageriaCtl.vbproj", "{D3651688-CE48-4C37-8448-6BB6C9D766D9}"
EndProject
Project("{F184B08F-C81C-45F6-A57F-5ABD9991F28F}") = "FN4MessageriaSvc", "FN4MessageriaSvc\FN4MessageriaSvc.vbproj", "{31983AF2-C3FB-490E-B513-76A3732B1D77}"
EndProject
Project("{F184B08F-C81C-45F6-A57F-5ABD9991F28F}") = "FN4MessageriaWin", "FN4MessageriaWin\FN4MessageriaWin.vbproj", "{E33F732C-9083-4DCE-93C1-96DD7D4A4533}"
	ProjectSection(ProjectDependencies) = postProject
		{D3651688-CE48-4C37-8448-6BB6C9D766D9} = {D3651688-CE48-4C37-8448-6BB6C9D766D9}
	EndProjectSection
EndProject
Project("{F184B08F-C81C-45F6-A57F-5ABD9991F28F}") = "FN4CommonMessageria", "FN4CommonMessageria\FN4CommonMessageria.vbproj", "{C719C548-1110-4E22-B7E1-F1BE4E6F8F93}"
EndProject
Project("{F184B08F-C81C-45F6-A57F-5ABD9991F28F}") = "FN4MessageriaPacotesCtl", "FN4MessageriaPacotesCtl\FN4MessageriaPacotesCtl.vbproj", "{C3976D4D-3C6E-4987-99B8-777DA5285603}"
EndProject
Project("{F184B08F-C81C-45F6-A57F-5ABD9991F28F}") = "FN4MessageriaPacotesSvc", "FN4MessageriaPacotesSvc\FN4MessageriaPacotesSvc.vbproj", "{A5570213-B288-4939-ADFF-D1F91A4D88AE}"
EndProject
Project("{F184B08F-C81C-45F6-A57F-5ABD9991F28F}") = "FN4ZipXmlCtl", "FN4ZipXmlCtl\FN4ZipXmlCtl.vbproj", "{42CDA095-3409-4FC3-92D2-93E75161218F}"
EndProject
Project("{F184B08F-C81C-45F6-A57F-5ABD9991F28F}") = "FN4ZipXmlSvc", "FN4ZipXmlSvc\FN4ZipXmlSvc.vbproj", "{AEB3D6DA-9137-4E0C-9DB3-C8CB728195B0}"
EndProject
Project("{F184B08F-C81C-45F6-A57F-5ABD9991F28F}") = "FN4ZipXmlWin", "FN4ZipXmlWin\FN4ZipXmlWin.vbproj", "{D707776B-39E6-448B-A1A1-56E4A78FAB09}"
EndProject
Project("{F184B08F-C81C-45F6-A57F-5ABD9991F28F}") = "FN4CartaDeCorrecaoCtl", "FN4CartadeCorrecaoCtl\FN4CartaDeCorrecaoCtl.vbproj", "{E62EF256-2061-45B4-962C-36152C14EDAC}"
EndProject
Project("{F184B08F-C81C-45F6-A57F-5ABD9991F28F}") = "FN4CartaDeCorrecaoSvc", "FN4CartadeCorrecaoSvc\FN4CartaDeCorrecaoSvc.vbproj", "{66637676-6BD5-492C-948F-84DD280A8DEB}"
EndProject
Project("{F184B08F-C81C-45F6-A57F-5ABD9991F28F}") = "FN4ProtocoloCtl", "FN4ProtocoloCtl\FN4ProtocoloCtl.vbproj", "{FB7B6C0A-98F8-4B2A-9412-12DECC1D5EA0}"
EndProject
Project("{F184B08F-C81C-45F6-A57F-5ABD9991F28F}") = "FN4ProtocoloSvc", "FN4ProtocoloSvc\FN4ProtocoloSvc.vbproj", "{32B4FC6C-EFEE-4C6B-80C2-53A4AD8F67B2}"
EndProject
Project("{F184B08F-C81C-45F6-A57F-5ABD9991F28F}") = "FN4Inutiliza_autoCtl", "FN4Inutiliza_autoCtl\FN4Inutiliza_autoCtl.vbproj", "{778A3E96-2729-496B-9F8A-A079DE43F498}"
EndProject
Project("{F184B08F-C81C-45F6-A57F-5ABD9991F28F}") = "FN4Inutiliza_autoWin", "FN4Inutiliza_autoWin\FN4Inutiliza_autoWin.vbproj", "{DA937E89-A598-4373-A25B-4DA35DF5CDE2}"
EndProject
Project("{F184B08F-C81C-45F6-A57F-5ABD9991F28F}") = "VarrerBase", "VarrerBase\VarrerBase.vbproj", "{FB133A96-02AC-4945-BBAE-F7C135820827}"
EndProject
Project("{F184B08F-C81C-45F6-A57F-5ABD9991F28F}") = "FN4DpecWin", "FN4DpecWin\FN4DpecWin\FN4DpecWin.vbproj", "{6116B911-2830-42FC-A376-EB6B87918ACC}"
EndProject
Project("{F184B08F-C81C-45F6-A57F-5ABD9991F28F}") = "FN4DpecCtl", "FN4DpecCtl\FN4DpecCtl.vbproj", "{198852EA-445A-422D-9895-1213F9D36C25}"
EndProject
Project("{F184B08F-C81C-45F6-A57F-5ABD9991F28F}") = "FN4SincroniaWin", "FN4SincroniaWin\FN4SincroniaWin.vbproj", "{884EC63E-BBFB-4F4F-B1B6-85BE61B69ED6}"
EndProject
Project("{F184B08F-C81C-45F6-A57F-5ABD9991F28F}") = "FN4SincroniaCtl", "FN4SincroniaCtl\FN4SincroniaCtl.vbproj", "{8909C854-064D-4833-AA02-A89B4329381F}"
EndProject
Project("{F184B08F-C81C-45F6-A57F-5ABD9991F28F}") = "FN4SincroniaSvc", "FN4SincroniaSvc\FN4SincroniaSvc.vbproj", "{BDEDA0C6-E3A7-4C9B-ACCE-15CA04AE7A4A}"
EndProject
Project("{F184B08F-C81C-45F6-A57F-5ABD9991F28F}") = "NFePrinter", "NFe Printer\last\NFe Printer\NFePrinter\NFePrinter\NFePrinter.vbproj", "{452AF3FE-C139-4EE1-AC86-8DE5C74013D4}"
EndProject
Project("{54435603-DBB4-11D2-8724-00A0C9A8B90C}") = "Setup_Nfeprinter", "Setup_NFeprinter\Setup_Nfeprinter\Setup_Nfeprinter.vdproj", "{29560061-928D-4A2E-AD1A-D9143942D577}"
EndProject
Project("{F184B08F-C81C-45F6-A57F-5ABD9991F28F}") = "retornoItau", "FN4ProcessaRotinasOnline\retornoItau\retornoItau.vbproj", "{E282FC3B-2AE1-490D-B7CD-5773448B1939}"
EndProject
Project("{F184B08F-C81C-45F6-A57F-5ABD9991F28F}") = "testes_nfe4web", "testes_nfe4web\testes_nfe4web.vbproj", "{64AE5BA1-9786-428C-8FBA-BE3A7E440F96}"
EndProject
Project("{F184B08F-C81C-45F6-A57F-5ABD9991F28F}") = "FN4EnvioContCtl", "FN4EnvioContCtl\FN4EnvioContCtl.vbproj", "{B268E84A-31E4-4D7E-9E47-FBDD2BA68ABB}"
EndProject
Project("{F184B08F-C81C-45F6-A57F-5ABD9991F28F}") = "FN4RetornoContCtl", "FN4RetornoContCtl\FN4RetornoContCtl.vbproj", "{5CAC5FFA-F757-48E9-8BDE-4F7BDC3A4185}"
EndProject
Global
	GlobalSection(TeamFoundationVersionControl) = preSolution
		SccNumberOfProjects = 61
		SccEnterpriseProvider = {4CA58AB2-18FA-4F8D-95D4-32DDF27D184C}
		SccTeamFoundationServer = https://tfs01.discountasp.net/tfs/fisconet
		SccLocalPath0 = .
		SccProjectUniqueName1 = ConsultaStatusNFe\\FN4ConsultaStatusNFe.vbproj
		SccProjectName1 = ConsultaStatusNFe
		SccLocalPath1 = ConsultaStatusNFe
		SccProjectUniqueName2 = Fisconet4\\Fisconet4.vdproj
		SccProjectName2 = Fisconet4
		SccLocalPath2 = Fisconet4
		SccProjectUniqueName3 = FN4CancelamentoCtl\\FN4CancelamentoCtl.csproj
		SccProjectName3 = FN4CancelamentoCtl
		SccLocalPath3 = FN4CancelamentoCtl
		SccProjectUniqueName4 = FN4CancelamentoSvc\\FN4CancelamentoSvc.csproj
		SccProjectName4 = FN4CancelamentoSvc
		SccLocalPath4 = FN4CancelamentoSvc
		SccProjectUniqueName5 = FN4CancelamentoWin\\FN4CancelamentoWin.csproj
		SccProjectName5 = FN4CancelamentoWin
		SccLocalPath5 = FN4CancelamentoWin
		SccProjectUniqueName6 = FN4Common\\FN4Common.vbproj
		SccProjectName6 = FN4Common
		SccLocalPath6 = FN4Common
		SccProjectUniqueName7 = FN4CommonMessageria\\FN4CommonMessageria.vbproj
		SccProjectName7 = FN4CommonMessageria
		SccLocalPath7 = FN4CommonMessageria
		SccProjectUniqueName8 = FN4EmailCtl\\FN4EmailCtl.vbproj
		SccProjectName8 = FN4EmailCtl
		SccLocalPath8 = FN4EmailCtl
		SccProjectUniqueName9 = FN4EmailSvc\\FN4EmailSvc.vbproj
		SccProjectName9 = FN4EmailSvc
		SccLocalPath9 = FN4EmailSvc
		SccProjectUniqueName10 = FN4EmailWin\\FN4EmailWin.vbproj
		SccProjectName10 = FN4EmailWin
		SccLocalPath10 = FN4EmailWin
		SccProjectUniqueName11 = FN4EntradaTxtCtl\\FN4EntradaTxtCtl.vbproj
		SccProjectName11 = FN4EntradaTxtCtl
		SccLocalPath11 = FN4EntradaTxtCtl
		SccProjectUniqueName12 = FN4EntradaTxtSvc\\FN4EntradaTxtSvc.vbproj
		SccProjectName12 = FN4EntradaTxtSvc
		SccLocalPath12 = FN4EntradaTxtSvc
		SccProjectUniqueName13 = FN4EntradaTxtWin\\FN4EntradaTxtWin.vbproj
		SccProjectName13 = FN4EntradaTxtWin
		SccLocalPath13 = FN4EntradaTxtWin
		SccProjectUniqueName14 = FN4EnvioCtl\\FN4EnvioCtl.vbproj
		SccProjectName14 = FN4EnvioCtl
		SccLocalPath14 = FN4EnvioCtl
		SccProjectUniqueName15 = FN4EnvioSvc\\FN4EnvioSvc.vbproj
		SccProjectName15 = FN4EnvioSvc
		SccLocalPath15 = FN4EnvioSvc
		SccProjectUniqueName16 = FN4EnvioWin\\FN4EnvioWin.vbproj
		SccProjectName16 = FN4EnvioWin
		SccLocalPath16 = FN4EnvioWin
		SccProjectUniqueName17 = FN4GeradorDeTokens\\FN4GeradorDeTokens.csproj
		SccProjectName17 = FN4GeradorDeTokens
		SccLocalPath17 = FN4GeradorDeTokens
		SccProjectUniqueName18 = FN4ImpressaoCtl\\FN4ImpressaoCtl.vbproj
		SccProjectName18 = FN4ImpressaoCtl
		SccLocalPath18 = FN4ImpressaoCtl
		SccProjectUniqueName19 = FN4ImpressaoSvc\\FN4ImpressaoSvc.vbproj
		SccProjectName19 = FN4ImpressaoSvc
		SccLocalPath19 = FN4ImpressaoSvc
		SccProjectUniqueName20 = FN4ImpressaoWin\\FN4ImpressaoWin.vbproj
		SccProjectName20 = FN4ImpressaoWin
		SccLocalPath20 = FN4ImpressaoWin
		SccProjectUniqueName21 = FN4IntegracaoPostBackCtl\\FN4IntegracaoPostBackCtl.csproj
		SccProjectName21 = FN4IntegracaoPostBackCtl
		SccLocalPath21 = FN4IntegracaoPostBackCtl
		SccProjectUniqueName22 = FN4IntegracaoPostBackSvc\\FN4IntegracaoPostBackSvc.csproj
		SccProjectName22 = FN4IntegracaoPostBackSvc
		SccLocalPath22 = FN4IntegracaoPostBackSvc
		SccProjectUniqueName23 = FN4IntegracaoPostBackWin\\FN4IntegracaoPostBackWin.csproj
		SccProjectName23 = FN4IntegracaoPostBackWin
		SccLocalPath23 = FN4IntegracaoPostBackWin
		SccProjectUniqueName24 = Fn4IntegradorNFeCommerceCtrl\\Fn4IntegradorNFeCommerceCtrl.vbproj
		SccProjectName24 = Fn4IntegradorNFeCommerceCtrl
		SccLocalPath24 = Fn4IntegradorNFeCommerceCtrl
		SccProjectUniqueName25 = Fn4IntegradorNFeCommerceSvc\\Fn4IntegradorNFeCommerceSvc.vbproj
		SccProjectName25 = Fn4IntegradorNFeCommerceSvc
		SccLocalPath25 = Fn4IntegradorNFeCommerceSvc
		SccProjectUniqueName26 = Fn4IntegradorNFeCommerceWin\\Fn4IntegradorNFeCommerceWin.vbproj
		SccProjectName26 = Fn4IntegradorNFeCommerceWin
		SccLocalPath26 = Fn4IntegradorNFeCommerceWin
		SccProjectUniqueName27 = FN4IntegradorSaferCtl\\FN4IntegradorSaferCtl.vbproj
		SccProjectName27 = FN4IntegradorSaferCtl
		SccLocalPath27 = FN4IntegradorSaferCtl
		SccProjectUniqueName28 = FN4IntegradorSaferSvc\\FN4IntegradorSaferSvc.vbproj
		SccProjectName28 = FN4IntegradorSaferSvc
		SccLocalPath28 = FN4IntegradorSaferSvc
		SccProjectUniqueName29 = FN4IntegradorSaferWin\\FN4IntegradorSaferWin.vbproj
		SccProjectName29 = FN4IntegradorSaferWin
		SccLocalPath29 = FN4IntegradorSaferWin
		SccProjectUniqueName30 = FN4InutilizacaoCtl\\FN4InutilizacaoCtl.csproj
		SccProjectName30 = FN4InutilizacaoCtl
		SccLocalPath30 = FN4InutilizacaoCtl
		SccProjectUniqueName31 = FN4InutilizacaoSvc\\FN4InutilizacaoSvc.csproj
		SccProjectName31 = FN4InutilizacaoSvc
		SccLocalPath31 = FN4InutilizacaoSvc
		SccProjectUniqueName32 = FN4InutilizacaoWin\\FN4InutilizacaoWin.csproj
		SccProjectName32 = FN4InutilizacaoWin
		SccLocalPath32 = FN4InutilizacaoWin
		SccProjectUniqueName33 = FN4MessageriaCtl\\FN4MessageriaCtl.vbproj
		SccProjectName33 = FN4MessageriaCtl
		SccLocalPath33 = FN4MessageriaCtl
		SccProjectUniqueName34 = FN4MessageriaPacotesCtl\\FN4MessageriaPacotesCtl.vbproj
		SccProjectName34 = FN4MessageriaPacotesCtl
		SccLocalPath34 = FN4MessageriaPacotesCtl
		SccProjectUniqueName35 = FN4MessageriaPacotesSvc\\FN4MessageriaPacotesSvc.vbproj
		SccProjectName35 = FN4MessageriaPacotesSvc
		SccLocalPath35 = FN4MessageriaPacotesSvc
		SccProjectUniqueName36 = FN4MessageriaPacotesWin\\FN4MessageriaPacotesWin.vbproj
		SccProjectName36 = FN4MessageriaPacotesWin
		SccLocalPath36 = FN4MessageriaPacotesWin
		SccProjectUniqueName37 = FN4MessageriaSvc\\FN4MessageriaSvc.vbproj
		SccProjectName37 = FN4MessageriaSvc
		SccLocalPath37 = FN4MessageriaSvc
		SccProjectUniqueName38 = FN4MessageriaWin\\FN4MessageriaWin.vbproj
		SccProjectName38 = FN4MessageriaWin
		SccLocalPath38 = FN4MessageriaWin
		SccProjectUniqueName39 = FN4Monitor\\FN4Monitor.vbproj
		SccProjectName39 = FN4Monitor
		SccLocalPath39 = FN4Monitor
		SccProjectUniqueName40 = FN4MonitorWS\\FN4MonitorWS.vbproj
		SccProjectName40 = FN4MonitorWS
		SccLocalPath40 = FN4MonitorWS
		SccProjectUniqueName41 = FN4PdfDanfeApp\\FN4PdfDanfeApp.csproj
		SccProjectName41 = FN4PdfDanfeApp
		SccLocalPath41 = FN4PdfDanfeApp
		SccProjectUniqueName42 = FN4PdfDanfeCtl\\FN4PdfDanfeCtl.vbproj
		SccProjectName42 = FN4PdfDanfeCtl
		SccLocalPath42 = FN4PdfDanfeCtl
		SccProjectUniqueName43 = FN4PdfDanfeSvc\\FN4PdfDanfeSvc.vbproj
		SccProjectName43 = FN4PdfDanfeSvc
		SccLocalPath43 = FN4PdfDanfeSvc
		SccProjectUniqueName44 = FN4PdfDanfeWin\\FN4PdfDanfeWin.vbproj
		SccProjectName44 = FN4PdfDanfeWin
		SccLocalPath44 = FN4PdfDanfeWin
		SccProjectUniqueName45 = FN4PortalWS\\FN4PortalWS.vbproj
		SccProjectName45 = FN4PortalWS
		SccLocalPath45 = FN4PortalWS
		SccProjectUniqueName46 = FN4RetornoCtl\\FN4RetornoCtl.vbproj
		SccProjectName46 = FN4RetornoCtl
		SccLocalPath46 = FN4RetornoCtl
		SccProjectUniqueName47 = FN4RetornoSvc\\FN4RetornoSvc.vbproj
		SccProjectName47 = FN4RetornoSvc
		SccLocalPath47 = FN4RetornoSvc
		SccProjectUniqueName48 = FN4RetornoWin\\FN4RetornoWin.vbproj
		SccProjectName48 = FN4RetornoWin
		SccLocalPath48 = FN4RetornoWin
		SccProjectUniqueName49 = FN4Webservices\\FN4Webservices.vbproj
		SccProjectName49 = FN4Webservices
		SccLocalPath49 = FN4Webservices
		SccProjectUniqueName50 = PortalWS\\PortalWS.vdproj
		SccProjectName50 = PortalWS
		SccLocalPath50 = PortalWS
		SccProjectUniqueName51 = RenomeioCtl\\RenomeioCtl.vbproj
		SccProjectName51 = RenomeioCtl
		SccLocalPath51 = RenomeioCtl
		SccProjectUniqueName52 = RenomeioSvc\\RenomeioSvc.vbproj
		SccProjectName52 = RenomeioSvc
		SccLocalPath52 = RenomeioSvc
		SccProjectUniqueName53 = RenomeioWin\\RenomeioWin.vbproj
		SccProjectName53 = RenomeioWin
		SccLocalPath53 = RenomeioWin
		SccWebProject54 = true
		SccProjectUniqueName54 = retorno_pagseguro
		SccProjectName54 = retorno_pagseguro
		SccLocalPath54 = retorno_pagseguro
		SccProjectEnlistmentChoice54 = 2
		SccProjectUniqueName55 = TesteImpressao\\TesteImpressao.vbproj
		SccProjectName55 = TesteImpressao
		SccLocalPath55 = TesteImpressao
		SccProjectUniqueName56 = Testes\\Testes.csproj
		SccProjectName56 = Testes
		SccLocalPath56 = Testes
		SccProjectUniqueName57 = wsfake\\wsfake.vbproj
		SccProjectName57 = wsfake
		SccLocalPath57 = wsfake
		SccProjectUniqueName58 = FN4ZipXmlCtl\\FN4ZipXmlCtl.vbproj
		SccProjectName58 = FN4ZipXmlCtl
		SccLocalPath58 = FN4ZipXmlCtl
		SccProjectUniqueName59 = FN4ZipXmlSvc\\FN4ZipXmlSvc.vbproj
		SccProjectName59 = FN4ZipXmlSvc
		SccLocalPath59 = FN4ZipXmlSvc
		SccProjectUniqueName60 = FN4ZipXmlWin\\FN4ZipXmlWin.vbproj
		SccProjectName60 = FN4ZipXmlWin
		SccLocalPath60 = FN4ZipXmlWin
	EndGlobalSection
	GlobalSection(TestCaseManagementSettings) = postSolution
		CategoryFile = Fisconet4.vsmdi
	EndGlobalSection
	GlobalSection(SolutionConfigurationPlatforms) = preSolution
		Debug|Any CPU = Debug|Any CPU
		Debug|Mixed Platforms = Debug|Mixed Platforms
		Debug|x86 = Debug|x86
		Release|Any CPU = Release|Any CPU
		Release|Mixed Platforms = Release|Mixed Platforms
		Release|x86 = Release|x86
	EndGlobalSection
	GlobalSection(ProjectConfigurationPlatforms) = postSolution
		{10D69706-091A-47E6-A1D8-56A60CD3CDEE}.Debug|Any CPU.ActiveCfg = Debug|Any CPU
		{10D69706-091A-47E6-A1D8-56A60CD3CDEE}.Debug|Any CPU.Build.0 = Debug|Any CPU
		{10D69706-091A-47E6-A1D8-56A60CD3CDEE}.Debug|Mixed Platforms.ActiveCfg = Debug|Any CPU
		{10D69706-091A-47E6-A1D8-56A60CD3CDEE}.Debug|Mixed Platforms.Build.0 = Debug|Any CPU
		{10D69706-091A-47E6-A1D8-56A60CD3CDEE}.Debug|x86.ActiveCfg = Debug|Any CPU
		{10D69706-091A-47E6-A1D8-56A60CD3CDEE}.Release|Any CPU.ActiveCfg = Release|Any CPU
		{10D69706-091A-47E6-A1D8-56A60CD3CDEE}.Release|Any CPU.Build.0 = Release|Any CPU
		{10D69706-091A-47E6-A1D8-56A60CD3CDEE}.Release|Mixed Platforms.ActiveCfg = Release|Any CPU
		{10D69706-091A-47E6-A1D8-56A60CD3CDEE}.Release|Mixed Platforms.Build.0 = Release|Any CPU
		{10D69706-091A-47E6-A1D8-56A60CD3CDEE}.Release|x86.ActiveCfg = Release|Any CPU
		{DAE84B7B-D4F3-461F-ACFF-8371DFF5E595}.Debug|Any CPU.ActiveCfg = Debug|Any CPU
		{DAE84B7B-D4F3-461F-ACFF-8371DFF5E595}.Debug|Any CPU.Build.0 = Debug|Any CPU
		{DAE84B7B-D4F3-461F-ACFF-8371DFF5E595}.Debug|Mixed Platforms.ActiveCfg = Debug|Any CPU
		{DAE84B7B-D4F3-461F-ACFF-8371DFF5E595}.Debug|Mixed Platforms.Build.0 = Debug|Any CPU
		{DAE84B7B-D4F3-461F-ACFF-8371DFF5E595}.Debug|x86.ActiveCfg = Debug|Any CPU
		{DAE84B7B-D4F3-461F-ACFF-8371DFF5E595}.Release|Any CPU.ActiveCfg = Release|Any CPU
		{DAE84B7B-D4F3-461F-ACFF-8371DFF5E595}.Release|Any CPU.Build.0 = Release|Any CPU
		{DAE84B7B-D4F3-461F-ACFF-8371DFF5E595}.Release|Mixed Platforms.ActiveCfg = Release|Any CPU
		{DAE84B7B-D4F3-461F-ACFF-8371DFF5E595}.Release|Mixed Platforms.Build.0 = Release|Any CPU
		{DAE84B7B-D4F3-461F-ACFF-8371DFF5E595}.Release|x86.ActiveCfg = Release|Any CPU
		{AE6178E0-CDCC-421F-855D-467327F03292}.Debug|Any CPU.ActiveCfg = Debug|Any CPU
		{AE6178E0-CDCC-421F-855D-467327F03292}.Debug|Any CPU.Build.0 = Debug|Any CPU
		{AE6178E0-CDCC-421F-855D-467327F03292}.Debug|Mixed Platforms.ActiveCfg = Debug|Any CPU
		{AE6178E0-CDCC-421F-855D-467327F03292}.Debug|Mixed Platforms.Build.0 = Debug|Any CPU
		{AE6178E0-CDCC-421F-855D-467327F03292}.Debug|x86.ActiveCfg = Debug|Any CPU
		{AE6178E0-CDCC-421F-855D-467327F03292}.Release|Any CPU.ActiveCfg = Release|Any CPU
		{AE6178E0-CDCC-421F-855D-467327F03292}.Release|Any CPU.Build.0 = Release|Any CPU
		{AE6178E0-CDCC-421F-855D-467327F03292}.Release|Mixed Platforms.ActiveCfg = Release|Any CPU
		{AE6178E0-CDCC-421F-855D-467327F03292}.Release|Mixed Platforms.Build.0 = Release|Any CPU
		{AE6178E0-CDCC-421F-855D-467327F03292}.Release|x86.ActiveCfg = Release|Any CPU
		{6B270E2B-0F8C-4D2D-B6DB-11F5FB7001C7}.Debug|Any CPU.ActiveCfg = Debug|Any CPU
		{6B270E2B-0F8C-4D2D-B6DB-11F5FB7001C7}.Debug|Any CPU.Build.0 = Debug|Any CPU
		{6B270E2B-0F8C-4D2D-B6DB-11F5FB7001C7}.Debug|Mixed Platforms.ActiveCfg = Debug|Any CPU
		{6B270E2B-0F8C-4D2D-B6DB-11F5FB7001C7}.Debug|Mixed Platforms.Build.0 = Debug|Any CPU
		{6B270E2B-0F8C-4D2D-B6DB-11F5FB7001C7}.Debug|x86.ActiveCfg = Debug|Any CPU
		{6B270E2B-0F8C-4D2D-B6DB-11F5FB7001C7}.Release|Any CPU.ActiveCfg = Release|Any CPU
		{6B270E2B-0F8C-4D2D-B6DB-11F5FB7001C7}.Release|Any CPU.Build.0 = Release|Any CPU
		{6B270E2B-0F8C-4D2D-B6DB-11F5FB7001C7}.Release|Mixed Platforms.ActiveCfg = Release|Any CPU
		{6B270E2B-0F8C-4D2D-B6DB-11F5FB7001C7}.Release|Mixed Platforms.Build.0 = Release|Any CPU
		{6B270E2B-0F8C-4D2D-B6DB-11F5FB7001C7}.Release|x86.ActiveCfg = Release|Any CPU
		{57CCEF3B-9B0C-449D-995B-6D2251D57903}.Debug|Any CPU.ActiveCfg = Debug|Any CPU
		{57CCEF3B-9B0C-449D-995B-6D2251D57903}.Debug|Any CPU.Build.0 = Debug|Any CPU
		{57CCEF3B-9B0C-449D-995B-6D2251D57903}.Debug|Mixed Platforms.ActiveCfg = Debug|Any CPU
		{57CCEF3B-9B0C-449D-995B-6D2251D57903}.Debug|Mixed Platforms.Build.0 = Debug|Any CPU
		{57CCEF3B-9B0C-449D-995B-6D2251D57903}.Debug|x86.ActiveCfg = Debug|Any CPU
		{57CCEF3B-9B0C-449D-995B-6D2251D57903}.Release|Any CPU.ActiveCfg = Release|Any CPU
		{57CCEF3B-9B0C-449D-995B-6D2251D57903}.Release|Any CPU.Build.0 = Release|Any CPU
		{57CCEF3B-9B0C-449D-995B-6D2251D57903}.Release|Mixed Platforms.ActiveCfg = Release|Any CPU
		{57CCEF3B-9B0C-449D-995B-6D2251D57903}.Release|Mixed Platforms.Build.0 = Release|Any CPU
		{57CCEF3B-9B0C-449D-995B-6D2251D57903}.Release|x86.ActiveCfg = Release|Any CPU
		{591B3250-2C19-46C3-A90C-FB2651362129}.Debug|Any CPU.ActiveCfg = Debug|Any CPU
		{591B3250-2C19-46C3-A90C-FB2651362129}.Debug|Any CPU.Build.0 = Debug|Any CPU
		{591B3250-2C19-46C3-A90C-FB2651362129}.Debug|Mixed Platforms.ActiveCfg = Debug|Any CPU
		{591B3250-2C19-46C3-A90C-FB2651362129}.Debug|Mixed Platforms.Build.0 = Debug|Any CPU
		{591B3250-2C19-46C3-A90C-FB2651362129}.Debug|x86.ActiveCfg = Debug|Any CPU
		{591B3250-2C19-46C3-A90C-FB2651362129}.Release|Any CPU.ActiveCfg = Release|Any CPU
		{591B3250-2C19-46C3-A90C-FB2651362129}.Release|Any CPU.Build.0 = Release|Any CPU
		{591B3250-2C19-46C3-A90C-FB2651362129}.Release|Mixed Platforms.ActiveCfg = Release|Any CPU
		{591B3250-2C19-46C3-A90C-FB2651362129}.Release|Mixed Platforms.Build.0 = Release|Any CPU
		{591B3250-2C19-46C3-A90C-FB2651362129}.Release|x86.ActiveCfg = Release|Any CPU
		{6291B41D-E8E7-445D-817A-7A8E0982E576}.Debug|Any CPU.ActiveCfg = Debug|Any CPU
		{6291B41D-E8E7-445D-817A-7A8E0982E576}.Debug|Any CPU.Build.0 = Debug|Any CPU
		{6291B41D-E8E7-445D-817A-7A8E0982E576}.Debug|Mixed Platforms.ActiveCfg = Debug|Any CPU
		{6291B41D-E8E7-445D-817A-7A8E0982E576}.Debug|Mixed Platforms.Build.0 = Debug|Any CPU
		{6291B41D-E8E7-445D-817A-7A8E0982E576}.Debug|x86.ActiveCfg = Debug|Any CPU
		{6291B41D-E8E7-445D-817A-7A8E0982E576}.Release|Any CPU.ActiveCfg = Release|Any CPU
		{6291B41D-E8E7-445D-817A-7A8E0982E576}.Release|Any CPU.Build.0 = Release|Any CPU
		{6291B41D-E8E7-445D-817A-7A8E0982E576}.Release|Mixed Platforms.ActiveCfg = Release|Any CPU
		{6291B41D-E8E7-445D-817A-7A8E0982E576}.Release|Mixed Platforms.Build.0 = Release|Any CPU
		{6291B41D-E8E7-445D-817A-7A8E0982E576}.Release|x86.ActiveCfg = Release|Any CPU
		{577451EE-CADA-462E-A923-90ABF77EF5C7}.Debug|Any CPU.ActiveCfg = Debug|Any CPU
		{577451EE-CADA-462E-A923-90ABF77EF5C7}.Debug|Any CPU.Build.0 = Debug|Any CPU
		{577451EE-CADA-462E-A923-90ABF77EF5C7}.Debug|Mixed Platforms.ActiveCfg = Debug|Any CPU
		{577451EE-CADA-462E-A923-90ABF77EF5C7}.Debug|Mixed Platforms.Build.0 = Debug|Any CPU
		{577451EE-CADA-462E-A923-90ABF77EF5C7}.Debug|x86.ActiveCfg = Debug|Any CPU
		{577451EE-CADA-462E-A923-90ABF77EF5C7}.Release|Any CPU.ActiveCfg = Release|Any CPU
		{577451EE-CADA-462E-A923-90ABF77EF5C7}.Release|Any CPU.Build.0 = Release|Any CPU
		{577451EE-CADA-462E-A923-90ABF77EF5C7}.Release|Mixed Platforms.ActiveCfg = Release|Any CPU
		{577451EE-CADA-462E-A923-90ABF77EF5C7}.Release|Mixed Platforms.Build.0 = Release|Any CPU
		{577451EE-CADA-462E-A923-90ABF77EF5C7}.Release|x86.ActiveCfg = Release|Any CPU
		{26562686-8763-450C-8297-3F693D0949FB}.Debug|Any CPU.ActiveCfg = Debug|Any CPU
		{26562686-8763-450C-8297-3F693D0949FB}.Debug|Any CPU.Build.0 = Debug|Any CPU
		{26562686-8763-450C-8297-3F693D0949FB}.Debug|Mixed Platforms.ActiveCfg = Debug|Any CPU
		{26562686-8763-450C-8297-3F693D0949FB}.Debug|Mixed Platforms.Build.0 = Debug|Any CPU
		{26562686-8763-450C-8297-3F693D0949FB}.Debug|x86.ActiveCfg = Debug|Any CPU
		{26562686-8763-450C-8297-3F693D0949FB}.Release|Any CPU.ActiveCfg = Release|Any CPU
		{26562686-8763-450C-8297-3F693D0949FB}.Release|Any CPU.Build.0 = Release|Any CPU
		{26562686-8763-450C-8297-3F693D0949FB}.Release|Mixed Platforms.ActiveCfg = Release|Any CPU
		{26562686-8763-450C-8297-3F693D0949FB}.Release|Mixed Platforms.Build.0 = Release|Any CPU
		{26562686-8763-450C-8297-3F693D0949FB}.Release|x86.ActiveCfg = Release|Any CPU
		{B472E71D-5D09-40FA-BD6D-5187600C2AA1}.Debug|Any CPU.ActiveCfg = Debug|Any CPU
		{B472E71D-5D09-40FA-BD6D-5187600C2AA1}.Debug|Mixed Platforms.ActiveCfg = Debug|Any CPU
		{B472E71D-5D09-40FA-BD6D-5187600C2AA1}.Debug|Mixed Platforms.Build.0 = Debug|Any CPU
		{B472E71D-5D09-40FA-BD6D-5187600C2AA1}.Debug|x86.ActiveCfg = Debug|Any CPU
		{B472E71D-5D09-40FA-BD6D-5187600C2AA1}.Release|Any CPU.ActiveCfg = Release|Any CPU
		{B472E71D-5D09-40FA-BD6D-5187600C2AA1}.Release|Any CPU.Build.0 = Release|Any CPU
		{B472E71D-5D09-40FA-BD6D-5187600C2AA1}.Release|Mixed Platforms.ActiveCfg = Release|Any CPU
		{B472E71D-5D09-40FA-BD6D-5187600C2AA1}.Release|Mixed Platforms.Build.0 = Release|Any CPU
		{B472E71D-5D09-40FA-BD6D-5187600C2AA1}.Release|x86.ActiveCfg = Release|Any CPU
		{4EEA0931-A6C6-49DB-BF37-0204E9838E87}.Debug|Any CPU.ActiveCfg = Debug|Any CPU
		{4EEA0931-A6C6-49DB-BF37-0204E9838E87}.Debug|Any CPU.Build.0 = Debug|Any CPU
		{4EEA0931-A6C6-49DB-BF37-0204E9838E87}.Debug|Mixed Platforms.ActiveCfg = Debug|Any CPU
		{4EEA0931-A6C6-49DB-BF37-0204E9838E87}.Debug|Mixed Platforms.Build.0 = Debug|Any CPU
		{4EEA0931-A6C6-49DB-BF37-0204E9838E87}.Debug|x86.ActiveCfg = Debug|Any CPU
		{4EEA0931-A6C6-49DB-BF37-0204E9838E87}.Release|Any CPU.ActiveCfg = Release|Any CPU
		{4EEA0931-A6C6-49DB-BF37-0204E9838E87}.Release|Any CPU.Build.0 = Release|Any CPU
		{4EEA0931-A6C6-49DB-BF37-0204E9838E87}.Release|Mixed Platforms.ActiveCfg = Release|Any CPU
		{4EEA0931-A6C6-49DB-BF37-0204E9838E87}.Release|Mixed Platforms.Build.0 = Release|Any CPU
		{4EEA0931-A6C6-49DB-BF37-0204E9838E87}.Release|x86.ActiveCfg = Release|Any CPU
		{876C0597-AB59-4649-A5A0-CB072BCA7C4F}.Debug|Any CPU.ActiveCfg = Debug|Any CPU
		{876C0597-AB59-4649-A5A0-CB072BCA7C4F}.Debug|Any CPU.Build.0 = Debug|Any CPU
		{876C0597-AB59-4649-A5A0-CB072BCA7C4F}.Debug|Mixed Platforms.ActiveCfg = Debug|Any CPU
		{876C0597-AB59-4649-A5A0-CB072BCA7C4F}.Debug|Mixed Platforms.Build.0 = Debug|Any CPU
		{876C0597-AB59-4649-A5A0-CB072BCA7C4F}.Debug|x86.ActiveCfg = Debug|Any CPU
		{876C0597-AB59-4649-A5A0-CB072BCA7C4F}.Release|Any CPU.ActiveCfg = Release|Any CPU
		{876C0597-AB59-4649-A5A0-CB072BCA7C4F}.Release|Any CPU.Build.0 = Release|Any CPU
		{876C0597-AB59-4649-A5A0-CB072BCA7C4F}.Release|Mixed Platforms.ActiveCfg = Release|Any CPU
		{876C0597-AB59-4649-A5A0-CB072BCA7C4F}.Release|Mixed Platforms.Build.0 = Release|Any CPU
		{876C0597-AB59-4649-A5A0-CB072BCA7C4F}.Release|x86.ActiveCfg = Release|Any CPU
		{0CDCD4A4-8020-4F69-8500-FB2C06836C4F}.Debug|Any CPU.ActiveCfg = Debug|Any CPU
		{0CDCD4A4-8020-4F69-8500-FB2C06836C4F}.Debug|Any CPU.Build.0 = Debug|Any CPU
		{0CDCD4A4-8020-4F69-8500-FB2C06836C4F}.Debug|Mixed Platforms.ActiveCfg = Debug|Any CPU
		{0CDCD4A4-8020-4F69-8500-FB2C06836C4F}.Debug|Mixed Platforms.Build.0 = Debug|Any CPU
		{0CDCD4A4-8020-4F69-8500-FB2C06836C4F}.Debug|x86.ActiveCfg = Debug|Any CPU
		{0CDCD4A4-8020-4F69-8500-FB2C06836C4F}.Release|Any CPU.ActiveCfg = Release|Any CPU
		{0CDCD4A4-8020-4F69-8500-FB2C06836C4F}.Release|Any CPU.Build.0 = Release|Any CPU
		{0CDCD4A4-8020-4F69-8500-FB2C06836C4F}.Release|Mixed Platforms.ActiveCfg = Release|Any CPU
		{0CDCD4A4-8020-4F69-8500-FB2C06836C4F}.Release|Mixed Platforms.Build.0 = Release|Any CPU
		{0CDCD4A4-8020-4F69-8500-FB2C06836C4F}.Release|x86.ActiveCfg = Release|Any CPU
		{15C2C138-8B10-4D7E-84D1-CD62000474C9}.Debug|Any CPU.ActiveCfg = Debug|Any CPU
		{15C2C138-8B10-4D7E-84D1-CD62000474C9}.Debug|Mixed Platforms.ActiveCfg = Debug|Any CPU
		{15C2C138-8B10-4D7E-84D1-CD62000474C9}.Debug|Mixed Platforms.Build.0 = Debug|Any CPU
		{15C2C138-8B10-4D7E-84D1-CD62000474C9}.Debug|x86.ActiveCfg = Debug|Any CPU
		{15C2C138-8B10-4D7E-84D1-CD62000474C9}.Release|Any CPU.ActiveCfg = Release|Any CPU
		{15C2C138-8B10-4D7E-84D1-CD62000474C9}.Release|Any CPU.Build.0 = Release|Any CPU
		{15C2C138-8B10-4D7E-84D1-CD62000474C9}.Release|Mixed Platforms.ActiveCfg = Release|Any CPU
		{15C2C138-8B10-4D7E-84D1-CD62000474C9}.Release|Mixed Platforms.Build.0 = Release|Any CPU
		{15C2C138-8B10-4D7E-84D1-CD62000474C9}.Release|x86.ActiveCfg = Release|Any CPU
		{274A3C4D-89EC-4E95-9AFB-7920BC985350}.Debug|Any CPU.ActiveCfg = Debug|Any CPU
		{274A3C4D-89EC-4E95-9AFB-7920BC985350}.Debug|Mixed Platforms.ActiveCfg = Debug|Any CPU
		{274A3C4D-89EC-4E95-9AFB-7920BC985350}.Debug|Mixed Platforms.Build.0 = Debug|Any CPU
		{274A3C4D-89EC-4E95-9AFB-7920BC985350}.Debug|x86.ActiveCfg = Debug|Any CPU
		{274A3C4D-89EC-4E95-9AFB-7920BC985350}.Release|Any CPU.ActiveCfg = Release|Any CPU
		{274A3C4D-89EC-4E95-9AFB-7920BC985350}.Release|Any CPU.Build.0 = Release|Any CPU
		{274A3C4D-89EC-4E95-9AFB-7920BC985350}.Release|Mixed Platforms.ActiveCfg = Release|Any CPU
		{274A3C4D-89EC-4E95-9AFB-7920BC985350}.Release|Mixed Platforms.Build.0 = Release|Any CPU
		{274A3C4D-89EC-4E95-9AFB-7920BC985350}.Release|x86.ActiveCfg = Release|Any CPU
		{C8F9C8B9-E943-486A-A19F-0A8CD6CBCBE5}.Debug|Any CPU.ActiveCfg = Debug|Any CPU
		{C8F9C8B9-E943-486A-A19F-0A8CD6CBCBE5}.Debug|Mixed Platforms.ActiveCfg = Debug|Any CPU
		{C8F9C8B9-E943-486A-A19F-0A8CD6CBCBE5}.Debug|Mixed Platforms.Build.0 = Debug|Any CPU
		{C8F9C8B9-E943-486A-A19F-0A8CD6CBCBE5}.Debug|x86.ActiveCfg = Debug|Any CPU
		{C8F9C8B9-E943-486A-A19F-0A8CD6CBCBE5}.Release|Any CPU.ActiveCfg = Release|Any CPU
		{C8F9C8B9-E943-486A-A19F-0A8CD6CBCBE5}.Release|Any CPU.Build.0 = Release|Any CPU
		{C8F9C8B9-E943-486A-A19F-0A8CD6CBCBE5}.Release|Mixed Platforms.ActiveCfg = Release|Any CPU
		{C8F9C8B9-E943-486A-A19F-0A8CD6CBCBE5}.Release|Mixed Platforms.Build.0 = Release|Any CPU
		{C8F9C8B9-E943-486A-A19F-0A8CD6CBCBE5}.Release|x86.ActiveCfg = Release|Any CPU
		{5A1968D1-4372-4714-9488-01CBDF24A3FD}.Debug|Any CPU.ActiveCfg = Debug|Any CPU
		{5A1968D1-4372-4714-9488-01CBDF24A3FD}.Debug|Mixed Platforms.ActiveCfg = Debug|Any CPU
		{5A1968D1-4372-4714-9488-01CBDF24A3FD}.Debug|Mixed Platforms.Build.0 = Debug|Any CPU
		{5A1968D1-4372-4714-9488-01CBDF24A3FD}.Debug|x86.ActiveCfg = Debug|Any CPU
		{5A1968D1-4372-4714-9488-01CBDF24A3FD}.Release|Any CPU.ActiveCfg = Release|Any CPU
		{5A1968D1-4372-4714-9488-01CBDF24A3FD}.Release|Any CPU.Build.0 = Release|Any CPU
		{5A1968D1-4372-4714-9488-01CBDF24A3FD}.Release|Mixed Platforms.ActiveCfg = Release|Any CPU
		{5A1968D1-4372-4714-9488-01CBDF24A3FD}.Release|Mixed Platforms.Build.0 = Release|Any CPU
		{5A1968D1-4372-4714-9488-01CBDF24A3FD}.Release|x86.ActiveCfg = Release|Any CPU
		{4C311B0F-976B-41D1-8B68-CE76E3F10C7C}.Debug|Any CPU.ActiveCfg = Debug|Any CPU
		{4C311B0F-976B-41D1-8B68-CE76E3F10C7C}.Debug|Mixed Platforms.ActiveCfg = Debug|Any CPU
		{4C311B0F-976B-41D1-8B68-CE76E3F10C7C}.Debug|Mixed Platforms.Build.0 = Debug|Any CPU
		{4C311B0F-976B-41D1-8B68-CE76E3F10C7C}.Debug|x86.ActiveCfg = Debug|Any CPU
		{4C311B0F-976B-41D1-8B68-CE76E3F10C7C}.Release|Any CPU.ActiveCfg = Release|Any CPU
		{4C311B0F-976B-41D1-8B68-CE76E3F10C7C}.Release|Any CPU.Build.0 = Release|Any CPU
		{4C311B0F-976B-41D1-8B68-CE76E3F10C7C}.Release|Mixed Platforms.ActiveCfg = Release|Any CPU
		{4C311B0F-976B-41D1-8B68-CE76E3F10C7C}.Release|Mixed Platforms.Build.0 = Release|Any CPU
		{4C311B0F-976B-41D1-8B68-CE76E3F10C7C}.Release|x86.ActiveCfg = Release|Any CPU
		{354EE1F7-2A8D-4374-9266-0EB08A3F8C48}.Debug|Any CPU.ActiveCfg = Debug|Any CPU
		{354EE1F7-2A8D-4374-9266-0EB08A3F8C48}.Debug|Mixed Platforms.ActiveCfg = Debug|Any CPU
		{354EE1F7-2A8D-4374-9266-0EB08A3F8C48}.Debug|Mixed Platforms.Build.0 = Debug|Any CPU
		{354EE1F7-2A8D-4374-9266-0EB08A3F8C48}.Debug|x86.ActiveCfg = Debug|Any CPU
		{354EE1F7-2A8D-4374-9266-0EB08A3F8C48}.Release|Any CPU.ActiveCfg = Release|Any CPU
		{354EE1F7-2A8D-4374-9266-0EB08A3F8C48}.Release|Any CPU.Build.0 = Release|Any CPU
		{354EE1F7-2A8D-4374-9266-0EB08A3F8C48}.Release|Mixed Platforms.ActiveCfg = Release|Any CPU
		{354EE1F7-2A8D-4374-9266-0EB08A3F8C48}.Release|Mixed Platforms.Build.0 = Release|Any CPU
		{354EE1F7-2A8D-4374-9266-0EB08A3F8C48}.Release|x86.ActiveCfg = Release|Any CPU
		{1B74998F-544D-4F9B-A788-D8A66486BD9A}.Debug|Any CPU.ActiveCfg = Debug|Any CPU
		{1B74998F-544D-4F9B-A788-D8A66486BD9A}.Debug|Mixed Platforms.ActiveCfg = Debug|Any CPU
		{1B74998F-544D-4F9B-A788-D8A66486BD9A}.Debug|Mixed Platforms.Build.0 = Debug|Any CPU
		{1B74998F-544D-4F9B-A788-D8A66486BD9A}.Debug|x86.ActiveCfg = Debug|Any CPU
		{1B74998F-544D-4F9B-A788-D8A66486BD9A}.Release|Any CPU.ActiveCfg = Release|Any CPU
		{1B74998F-544D-4F9B-A788-D8A66486BD9A}.Release|Any CPU.Build.0 = Release|Any CPU
		{1B74998F-544D-4F9B-A788-D8A66486BD9A}.Release|Mixed Platforms.ActiveCfg = Release|Any CPU
		{1B74998F-544D-4F9B-A788-D8A66486BD9A}.Release|Mixed Platforms.Build.0 = Release|Any CPU
		{1B74998F-544D-4F9B-A788-D8A66486BD9A}.Release|x86.ActiveCfg = Release|Any CPU
		{272F00B1-B329-4DBF-898F-554672F6282D}.Debug|Any CPU.ActiveCfg = Debug|Any CPU
		{272F00B1-B329-4DBF-898F-554672F6282D}.Debug|Mixed Platforms.ActiveCfg = Debug|Any CPU
		{272F00B1-B329-4DBF-898F-554672F6282D}.Debug|Mixed Platforms.Build.0 = Debug|Any CPU
		{272F00B1-B329-4DBF-898F-554672F6282D}.Debug|x86.ActiveCfg = Debug|Any CPU
		{272F00B1-B329-4DBF-898F-554672F6282D}.Release|Any CPU.ActiveCfg = Release|Any CPU
		{272F00B1-B329-4DBF-898F-554672F6282D}.Release|Any CPU.Build.0 = Release|Any CPU
		{272F00B1-B329-4DBF-898F-554672F6282D}.Release|Mixed Platforms.ActiveCfg = Release|Any CPU
		{272F00B1-B329-4DBF-898F-554672F6282D}.Release|Mixed Platforms.Build.0 = Release|Any CPU
		{272F00B1-B329-4DBF-898F-554672F6282D}.Release|x86.ActiveCfg = Release|Any CPU
		{1058A7C6-B44B-4853-839C-4F341E56A9C8}.Debug|Any CPU.ActiveCfg = Debug|Any CPU
		{1058A7C6-B44B-4853-839C-4F341E56A9C8}.Debug|Any CPU.Build.0 = Debug|Any CPU
		{1058A7C6-B44B-4853-839C-4F341E56A9C8}.Debug|Mixed Platforms.ActiveCfg = Debug|Any CPU
		{1058A7C6-B44B-4853-839C-4F341E56A9C8}.Debug|Mixed Platforms.Build.0 = Debug|Any CPU
		{1058A7C6-B44B-4853-839C-4F341E56A9C8}.Debug|x86.ActiveCfg = Debug|Any CPU
		{1058A7C6-B44B-4853-839C-4F341E56A9C8}.Release|Any CPU.ActiveCfg = Release|Any CPU
		{1058A7C6-B44B-4853-839C-4F341E56A9C8}.Release|Any CPU.Build.0 = Release|Any CPU
		{1058A7C6-B44B-4853-839C-4F341E56A9C8}.Release|Mixed Platforms.ActiveCfg = Release|Any CPU
		{1058A7C6-B44B-4853-839C-4F341E56A9C8}.Release|Mixed Platforms.Build.0 = Release|Any CPU
		{1058A7C6-B44B-4853-839C-4F341E56A9C8}.Release|x86.ActiveCfg = Release|Any CPU
		{A2C639AA-52B9-4311-8582-81DDD49BA8B8}.Debug|Any CPU.ActiveCfg = Debug|x86
		{A2C639AA-52B9-4311-8582-81DDD49BA8B8}.Debug|Any CPU.Build.0 = Debug|x86
		{A2C639AA-52B9-4311-8582-81DDD49BA8B8}.Debug|Mixed Platforms.ActiveCfg = Debug|x86
		{A2C639AA-52B9-4311-8582-81DDD49BA8B8}.Debug|Mixed Platforms.Build.0 = Debug|x86
		{A2C639AA-52B9-4311-8582-81DDD49BA8B8}.Debug|x86.ActiveCfg = Debug|x86
		{A2C639AA-52B9-4311-8582-81DDD49BA8B8}.Debug|x86.Build.0 = Debug|x86
		{A2C639AA-52B9-4311-8582-81DDD49BA8B8}.Release|Any CPU.ActiveCfg = Release|x86
		{A2C639AA-52B9-4311-8582-81DDD49BA8B8}.Release|Mixed Platforms.ActiveCfg = Release|x86
		{A2C639AA-52B9-4311-8582-81DDD49BA8B8}.Release|Mixed Platforms.Build.0 = Release|x86
		{A2C639AA-52B9-4311-8582-81DDD49BA8B8}.Release|x86.ActiveCfg = Release|x86
		{A2C639AA-52B9-4311-8582-81DDD49BA8B8}.Release|x86.Build.0 = Release|x86
		{6656F5E1-3110-4898-84CE-2CBBD8907809}.Debug|Any CPU.ActiveCfg = Debug|Any CPU
		{6656F5E1-3110-4898-84CE-2CBBD8907809}.Debug|Any CPU.Build.0 = Debug|Any CPU
		{6656F5E1-3110-4898-84CE-2CBBD8907809}.Debug|Mixed Platforms.ActiveCfg = Debug|Any CPU
		{6656F5E1-3110-4898-84CE-2CBBD8907809}.Debug|Mixed Platforms.Build.0 = Debug|Any CPU
		{6656F5E1-3110-4898-84CE-2CBBD8907809}.Debug|x86.ActiveCfg = Debug|Any CPU
		{6656F5E1-3110-4898-84CE-2CBBD8907809}.Release|Any CPU.ActiveCfg = Release|Any CPU
		{6656F5E1-3110-4898-84CE-2CBBD8907809}.Release|Any CPU.Build.0 = Release|Any CPU
		{6656F5E1-3110-4898-84CE-2CBBD8907809}.Release|Mixed Platforms.ActiveCfg = Release|Any CPU
		{6656F5E1-3110-4898-84CE-2CBBD8907809}.Release|Mixed Platforms.Build.0 = Release|Any CPU
		{6656F5E1-3110-4898-84CE-2CBBD8907809}.Release|x86.ActiveCfg = Release|Any CPU
		{FCB53E6F-1543-47B6-AC39-22F7649BD14F}.Debug|Any CPU.ActiveCfg = Debug|x86
		{FCB53E6F-1543-47B6-AC39-22F7649BD14F}.Debug|Mixed Platforms.ActiveCfg = Debug|x86
		{FCB53E6F-1543-47B6-AC39-22F7649BD14F}.Debug|Mixed Platforms.Build.0 = Debug|x86
		{FCB53E6F-1543-47B6-AC39-22F7649BD14F}.Debug|x86.ActiveCfg = Debug|x86
		{FCB53E6F-1543-47B6-AC39-22F7649BD14F}.Debug|x86.Build.0 = Debug|x86
		{FCB53E6F-1543-47B6-AC39-22F7649BD14F}.Release|Any CPU.ActiveCfg = Release|x86
		{FCB53E6F-1543-47B6-AC39-22F7649BD14F}.Release|Mixed Platforms.ActiveCfg = Release|x86
		{FCB53E6F-1543-47B6-AC39-22F7649BD14F}.Release|Mixed Platforms.Build.0 = Release|x86
		{FCB53E6F-1543-47B6-AC39-22F7649BD14F}.Release|x86.ActiveCfg = Release|x86
		{FCB53E6F-1543-47B6-AC39-22F7649BD14F}.Release|x86.Build.0 = Release|x86
		{CB3D2A28-A56F-4B6C-A3D0-A6D0E17AF5C2}.Debug|Any CPU.ActiveCfg = Debug|Any CPU
		{CB3D2A28-A56F-4B6C-A3D0-A6D0E17AF5C2}.Debug|Any CPU.Build.0 = Debug|Any CPU
		{CB3D2A28-A56F-4B6C-A3D0-A6D0E17AF5C2}.Debug|Mixed Platforms.ActiveCfg = Debug|Any CPU
		{CB3D2A28-A56F-4B6C-A3D0-A6D0E17AF5C2}.Debug|Mixed Platforms.Build.0 = Debug|Any CPU
		{CB3D2A28-A56F-4B6C-A3D0-A6D0E17AF5C2}.Debug|x86.ActiveCfg = Debug|Any CPU
		{CB3D2A28-A56F-4B6C-A3D0-A6D0E17AF5C2}.Release|Any CPU.ActiveCfg = Release|Any CPU
		{CB3D2A28-A56F-4B6C-A3D0-A6D0E17AF5C2}.Release|Any CPU.Build.0 = Release|Any CPU
		{CB3D2A28-A56F-4B6C-A3D0-A6D0E17AF5C2}.Release|Mixed Platforms.ActiveCfg = Release|Any CPU
		{CB3D2A28-A56F-4B6C-A3D0-A6D0E17AF5C2}.Release|Mixed Platforms.Build.0 = Release|Any CPU
		{CB3D2A28-A56F-4B6C-A3D0-A6D0E17AF5C2}.Release|x86.ActiveCfg = Release|Any CPU
		{AD4D18CB-C240-44C7-9CE9-BDA3D5F71337}.Debug|Any CPU.ActiveCfg = Debug|x86
		{AD4D18CB-C240-44C7-9CE9-BDA3D5F71337}.Debug|Mixed Platforms.ActiveCfg = Debug|x86
		{AD4D18CB-C240-44C7-9CE9-BDA3D5F71337}.Debug|Mixed Platforms.Build.0 = Debug|x86
		{AD4D18CB-C240-44C7-9CE9-BDA3D5F71337}.Debug|x86.ActiveCfg = Debug|x86
		{AD4D18CB-C240-44C7-9CE9-BDA3D5F71337}.Debug|x86.Build.0 = Debug|x86
		{AD4D18CB-C240-44C7-9CE9-BDA3D5F71337}.Release|Any CPU.ActiveCfg = Release|x86
		{AD4D18CB-C240-44C7-9CE9-BDA3D5F71337}.Release|Mixed Platforms.ActiveCfg = Release|x86
		{AD4D18CB-C240-44C7-9CE9-BDA3D5F71337}.Release|Mixed Platforms.Build.0 = Release|x86
		{AD4D18CB-C240-44C7-9CE9-BDA3D5F71337}.Release|x86.ActiveCfg = Release|x86
		{AD4D18CB-C240-44C7-9CE9-BDA3D5F71337}.Release|x86.Build.0 = Release|x86
		{D3651688-CE48-4C37-8448-6BB6C9D766D9}.Debug|Any CPU.ActiveCfg = Debug|Any CPU
		{D3651688-CE48-4C37-8448-6BB6C9D766D9}.Debug|Any CPU.Build.0 = Debug|Any CPU
		{D3651688-CE48-4C37-8448-6BB6C9D766D9}.Debug|Mixed Platforms.ActiveCfg = Debug|Any CPU
		{D3651688-CE48-4C37-8448-6BB6C9D766D9}.Debug|Mixed Platforms.Build.0 = Debug|Any CPU
		{D3651688-CE48-4C37-8448-6BB6C9D766D9}.Debug|x86.ActiveCfg = Debug|Any CPU
		{D3651688-CE48-4C37-8448-6BB6C9D766D9}.Release|Any CPU.ActiveCfg = Release|Any CPU
		{D3651688-CE48-4C37-8448-6BB6C9D766D9}.Release|Any CPU.Build.0 = Release|Any CPU
		{D3651688-CE48-4C37-8448-6BB6C9D766D9}.Release|Mixed Platforms.ActiveCfg = Release|Any CPU
		{D3651688-CE48-4C37-8448-6BB6C9D766D9}.Release|Mixed Platforms.Build.0 = Release|Any CPU
		{D3651688-CE48-4C37-8448-6BB6C9D766D9}.Release|x86.ActiveCfg = Release|Any CPU
		{31983AF2-C3FB-490E-B513-76A3732B1D77}.Debug|Any CPU.ActiveCfg = Debug|x86
		{31983AF2-C3FB-490E-B513-76A3732B1D77}.Debug|Mixed Platforms.ActiveCfg = Debug|x86
		{31983AF2-C3FB-490E-B513-76A3732B1D77}.Debug|Mixed Platforms.Build.0 = Debug|x86
		{31983AF2-C3FB-490E-B513-76A3732B1D77}.Debug|x86.ActiveCfg = Debug|x86
		{31983AF2-C3FB-490E-B513-76A3732B1D77}.Debug|x86.Build.0 = Debug|x86
		{31983AF2-C3FB-490E-B513-76A3732B1D77}.Release|Any CPU.ActiveCfg = Release|x86
		{31983AF2-C3FB-490E-B513-76A3732B1D77}.Release|Mixed Platforms.ActiveCfg = Release|x86
		{31983AF2-C3FB-490E-B513-76A3732B1D77}.Release|Mixed Platforms.Build.0 = Release|x86
		{31983AF2-C3FB-490E-B513-76A3732B1D77}.Release|x86.ActiveCfg = Release|x86
		{31983AF2-C3FB-490E-B513-76A3732B1D77}.Release|x86.Build.0 = Release|x86
		{E33F732C-9083-4DCE-93C1-96DD7D4A4533}.Debug|Any CPU.ActiveCfg = Debug|x86
		{E33F732C-9083-4DCE-93C1-96DD7D4A4533}.Debug|Mixed Platforms.ActiveCfg = Debug|x86
		{E33F732C-9083-4DCE-93C1-96DD7D4A4533}.Debug|Mixed Platforms.Build.0 = Debug|x86
		{E33F732C-9083-4DCE-93C1-96DD7D4A4533}.Debug|x86.ActiveCfg = Debug|x86
		{E33F732C-9083-4DCE-93C1-96DD7D4A4533}.Debug|x86.Build.0 = Debug|x86
		{E33F732C-9083-4DCE-93C1-96DD7D4A4533}.Release|Any CPU.ActiveCfg = Release|x86
		{E33F732C-9083-4DCE-93C1-96DD7D4A4533}.Release|Mixed Platforms.ActiveCfg = Release|x86
		{E33F732C-9083-4DCE-93C1-96DD7D4A4533}.Release|Mixed Platforms.Build.0 = Release|x86
		{E33F732C-9083-4DCE-93C1-96DD7D4A4533}.Release|x86.ActiveCfg = Release|x86
		{E33F732C-9083-4DCE-93C1-96DD7D4A4533}.Release|x86.Build.0 = Release|x86
		{C719C548-1110-4E22-B7E1-F1BE4E6F8F93}.Debug|Any CPU.ActiveCfg = Debug|Any CPU
		{C719C548-1110-4E22-B7E1-F1BE4E6F8F93}.Debug|Any CPU.Build.0 = Debug|Any CPU
		{C719C548-1110-4E22-B7E1-F1BE4E6F8F93}.Debug|Mixed Platforms.ActiveCfg = Debug|Any CPU
		{C719C548-1110-4E22-B7E1-F1BE4E6F8F93}.Debug|Mixed Platforms.Build.0 = Debug|Any CPU
		{C719C548-1110-4E22-B7E1-F1BE4E6F8F93}.Debug|x86.ActiveCfg = Debug|Any CPU
		{C719C548-1110-4E22-B7E1-F1BE4E6F8F93}.Release|Any CPU.ActiveCfg = Release|Any CPU
		{C719C548-1110-4E22-B7E1-F1BE4E6F8F93}.Release|Any CPU.Build.0 = Release|Any CPU
		{C719C548-1110-4E22-B7E1-F1BE4E6F8F93}.Release|Mixed Platforms.ActiveCfg = Release|Any CPU
		{C719C548-1110-4E22-B7E1-F1BE4E6F8F93}.Release|Mixed Platforms.Build.0 = Release|Any CPU
		{C719C548-1110-4E22-B7E1-F1BE4E6F8F93}.Release|x86.ActiveCfg = Release|Any CPU
		{C3976D4D-3C6E-4987-99B8-777DA5285603}.Debug|Any CPU.ActiveCfg = Debug|Any CPU
		{C3976D4D-3C6E-4987-99B8-777DA5285603}.Debug|Any CPU.Build.0 = Debug|Any CPU
		{C3976D4D-3C6E-4987-99B8-777DA5285603}.Debug|Mixed Platforms.ActiveCfg = Debug|Any CPU
		{C3976D4D-3C6E-4987-99B8-777DA5285603}.Debug|Mixed Platforms.Build.0 = Debug|Any CPU
		{C3976D4D-3C6E-4987-99B8-777DA5285603}.Debug|x86.ActiveCfg = Debug|Any CPU
		{C3976D4D-3C6E-4987-99B8-777DA5285603}.Release|Any CPU.ActiveCfg = Release|Any CPU
		{C3976D4D-3C6E-4987-99B8-777DA5285603}.Release|Any CPU.Build.0 = Release|Any CPU
		{C3976D4D-3C6E-4987-99B8-777DA5285603}.Release|Mixed Platforms.ActiveCfg = Release|Any CPU
		{C3976D4D-3C6E-4987-99B8-777DA5285603}.Release|Mixed Platforms.Build.0 = Release|Any CPU
		{C3976D4D-3C6E-4987-99B8-777DA5285603}.Release|x86.ActiveCfg = Release|Any CPU
		{A5570213-B288-4939-ADFF-D1F91A4D88AE}.Debug|Any CPU.ActiveCfg = Debug|x86
		{A5570213-B288-4939-ADFF-D1F91A4D88AE}.Debug|Mixed Platforms.ActiveCfg = Debug|x86
		{A5570213-B288-4939-ADFF-D1F91A4D88AE}.Debug|Mixed Platforms.Build.0 = Debug|x86
		{A5570213-B288-4939-ADFF-D1F91A4D88AE}.Debug|x86.ActiveCfg = Debug|x86
		{A5570213-B288-4939-ADFF-D1F91A4D88AE}.Debug|x86.Build.0 = Debug|x86
		{A5570213-B288-4939-ADFF-D1F91A4D88AE}.Release|Any CPU.ActiveCfg = Release|x86
		{A5570213-B288-4939-ADFF-D1F91A4D88AE}.Release|Mixed Platforms.ActiveCfg = Release|x86
		{A5570213-B288-4939-ADFF-D1F91A4D88AE}.Release|Mixed Platforms.Build.0 = Release|x86
		{A5570213-B288-4939-ADFF-D1F91A4D88AE}.Release|x86.ActiveCfg = Release|x86
		{A5570213-B288-4939-ADFF-D1F91A4D88AE}.Release|x86.Build.0 = Release|x86
		{42CDA095-3409-4FC3-92D2-93E75161218F}.Debug|Any CPU.ActiveCfg = Debug|Any CPU
		{42CDA095-3409-4FC3-92D2-93E75161218F}.Debug|Any CPU.Build.0 = Debug|Any CPU
		{42CDA095-3409-4FC3-92D2-93E75161218F}.Debug|Mixed Platforms.ActiveCfg = Debug|Any CPU
		{42CDA095-3409-4FC3-92D2-93E75161218F}.Debug|Mixed Platforms.Build.0 = Debug|Any CPU
		{42CDA095-3409-4FC3-92D2-93E75161218F}.Debug|x86.ActiveCfg = Debug|Any CPU
		{42CDA095-3409-4FC3-92D2-93E75161218F}.Release|Any CPU.ActiveCfg = Release|Any CPU
		{42CDA095-3409-4FC3-92D2-93E75161218F}.Release|Any CPU.Build.0 = Release|Any CPU
		{42CDA095-3409-4FC3-92D2-93E75161218F}.Release|Mixed Platforms.ActiveCfg = Release|Any CPU
		{42CDA095-3409-4FC3-92D2-93E75161218F}.Release|Mixed Platforms.Build.0 = Release|Any CPU
		{42CDA095-3409-4FC3-92D2-93E75161218F}.Release|x86.ActiveCfg = Release|Any CPU
		{AEB3D6DA-9137-4E0C-9DB3-C8CB728195B0}.Debug|Any CPU.ActiveCfg = Debug|Any CPU
		{AEB3D6DA-9137-4E0C-9DB3-C8CB728195B0}.Debug|Any CPU.Build.0 = Debug|Any CPU
		{AEB3D6DA-9137-4E0C-9DB3-C8CB728195B0}.Debug|Mixed Platforms.ActiveCfg = Debug|Any CPU
		{AEB3D6DA-9137-4E0C-9DB3-C8CB728195B0}.Debug|Mixed Platforms.Build.0 = Debug|Any CPU
		{AEB3D6DA-9137-4E0C-9DB3-C8CB728195B0}.Debug|x86.ActiveCfg = Debug|Any CPU
		{AEB3D6DA-9137-4E0C-9DB3-C8CB728195B0}.Release|Any CPU.ActiveCfg = Release|Any CPU
		{AEB3D6DA-9137-4E0C-9DB3-C8CB728195B0}.Release|Any CPU.Build.0 = Release|Any CPU
		{AEB3D6DA-9137-4E0C-9DB3-C8CB728195B0}.Release|Mixed Platforms.ActiveCfg = Release|Any CPU
		{AEB3D6DA-9137-4E0C-9DB3-C8CB728195B0}.Release|Mixed Platforms.Build.0 = Release|Any CPU
		{AEB3D6DA-9137-4E0C-9DB3-C8CB728195B0}.Release|x86.ActiveCfg = Release|Any CPU
		{D707776B-39E6-448B-A1A1-56E4A78FAB09}.Debug|Any CPU.ActiveCfg = Debug|Any CPU
		{D707776B-39E6-448B-A1A1-56E4A78FAB09}.Debug|Any CPU.Build.0 = Debug|Any CPU
		{D707776B-39E6-448B-A1A1-56E4A78FAB09}.Debug|Mixed Platforms.ActiveCfg = Debug|Any CPU
		{D707776B-39E6-448B-A1A1-56E4A78FAB09}.Debug|Mixed Platforms.Build.0 = Debug|Any CPU
		{D707776B-39E6-448B-A1A1-56E4A78FAB09}.Debug|x86.ActiveCfg = Debug|Any CPU
		{D707776B-39E6-448B-A1A1-56E4A78FAB09}.Release|Any CPU.ActiveCfg = Release|Any CPU
		{D707776B-39E6-448B-A1A1-56E4A78FAB09}.Release|Any CPU.Build.0 = Release|Any CPU
		{D707776B-39E6-448B-A1A1-56E4A78FAB09}.Release|Mixed Platforms.ActiveCfg = Release|Any CPU
		{D707776B-39E6-448B-A1A1-56E4A78FAB09}.Release|Mixed Platforms.Build.0 = Release|Any CPU
		{D707776B-39E6-448B-A1A1-56E4A78FAB09}.Release|x86.ActiveCfg = Release|Any CPU
		{E62EF256-2061-45B4-962C-36152C14EDAC}.Debug|Any CPU.ActiveCfg = Debug|Any CPU
		{E62EF256-2061-45B4-962C-36152C14EDAC}.Debug|Any CPU.Build.0 = Debug|Any CPU
		{E62EF256-2061-45B4-962C-36152C14EDAC}.Debug|Mixed Platforms.ActiveCfg = Debug|Any CPU
		{E62EF256-2061-45B4-962C-36152C14EDAC}.Debug|Mixed Platforms.Build.0 = Debug|Any CPU
		{E62EF256-2061-45B4-962C-36152C14EDAC}.Debug|x86.ActiveCfg = Debug|Any CPU
		{E62EF256-2061-45B4-962C-36152C14EDAC}.Release|Any CPU.ActiveCfg = Release|Any CPU
		{E62EF256-2061-45B4-962C-36152C14EDAC}.Release|Any CPU.Build.0 = Release|Any CPU
		{E62EF256-2061-45B4-962C-36152C14EDAC}.Release|Mixed Platforms.ActiveCfg = Release|Any CPU
		{E62EF256-2061-45B4-962C-36152C14EDAC}.Release|Mixed Platforms.Build.0 = Release|Any CPU
		{E62EF256-2061-45B4-962C-36152C14EDAC}.Release|x86.ActiveCfg = Release|Any CPU
		{66637676-6BD5-492C-948F-84DD280A8DEB}.Debug|Any CPU.ActiveCfg = Debug|x86
		{66637676-6BD5-492C-948F-84DD280A8DEB}.Debug|Mixed Platforms.ActiveCfg = Debug|x86
		{66637676-6BD5-492C-948F-84DD280A8DEB}.Debug|Mixed Platforms.Build.0 = Debug|x86
		{66637676-6BD5-492C-948F-84DD280A8DEB}.Debug|x86.ActiveCfg = Debug|x86
		{66637676-6BD5-492C-948F-84DD280A8DEB}.Debug|x86.Build.0 = Debug|x86
		{66637676-6BD5-492C-948F-84DD280A8DEB}.Release|Any CPU.ActiveCfg = Release|x86
		{66637676-6BD5-492C-948F-84DD280A8DEB}.Release|Mixed Platforms.ActiveCfg = Release|x86
		{66637676-6BD5-492C-948F-84DD280A8DEB}.Release|Mixed Platforms.Build.0 = Release|x86
		{66637676-6BD5-492C-948F-84DD280A8DEB}.Release|x86.ActiveCfg = Release|x86
		{66637676-6BD5-492C-948F-84DD280A8DEB}.Release|x86.Build.0 = Release|x86
		{FB7B6C0A-98F8-4B2A-9412-12DECC1D5EA0}.Debug|Any CPU.ActiveCfg = Debug|Any CPU
		{FB7B6C0A-98F8-4B2A-9412-12DECC1D5EA0}.Debug|Any CPU.Build.0 = Debug|Any CPU
		{FB7B6C0A-98F8-4B2A-9412-12DECC1D5EA0}.Debug|Mixed Platforms.ActiveCfg = Debug|Any CPU
		{FB7B6C0A-98F8-4B2A-9412-12DECC1D5EA0}.Debug|Mixed Platforms.Build.0 = Debug|Any CPU
		{FB7B6C0A-98F8-4B2A-9412-12DECC1D5EA0}.Debug|x86.ActiveCfg = Debug|Any CPU
		{FB7B6C0A-98F8-4B2A-9412-12DECC1D5EA0}.Release|Any CPU.ActiveCfg = Release|Any CPU
		{FB7B6C0A-98F8-4B2A-9412-12DECC1D5EA0}.Release|Any CPU.Build.0 = Release|Any CPU
		{FB7B6C0A-98F8-4B2A-9412-12DECC1D5EA0}.Release|Mixed Platforms.ActiveCfg = Release|Any CPU
		{FB7B6C0A-98F8-4B2A-9412-12DECC1D5EA0}.Release|Mixed Platforms.Build.0 = Release|Any CPU
		{FB7B6C0A-98F8-4B2A-9412-12DECC1D5EA0}.Release|x86.ActiveCfg = Release|Any CPU
		{32B4FC6C-EFEE-4C6B-80C2-53A4AD8F67B2}.Debug|Any CPU.ActiveCfg = Debug|Any CPU
		{32B4FC6C-EFEE-4C6B-80C2-53A4AD8F67B2}.Debug|Any CPU.Build.0 = Debug|Any CPU
		{32B4FC6C-EFEE-4C6B-80C2-53A4AD8F67B2}.Debug|Mixed Platforms.ActiveCfg = Debug|Any CPU
		{32B4FC6C-EFEE-4C6B-80C2-53A4AD8F67B2}.Debug|Mixed Platforms.Build.0 = Debug|Any CPU
		{32B4FC6C-EFEE-4C6B-80C2-53A4AD8F67B2}.Debug|x86.ActiveCfg = Debug|Any CPU
		{32B4FC6C-EFEE-4C6B-80C2-53A4AD8F67B2}.Release|Any CPU.ActiveCfg = Release|Any CPU
		{32B4FC6C-EFEE-4C6B-80C2-53A4AD8F67B2}.Release|Any CPU.Build.0 = Release|Any CPU
		{32B4FC6C-EFEE-4C6B-80C2-53A4AD8F67B2}.Release|Mixed Platforms.ActiveCfg = Release|Any CPU
		{32B4FC6C-EFEE-4C6B-80C2-53A4AD8F67B2}.Release|Mixed Platforms.Build.0 = Release|Any CPU
		{32B4FC6C-EFEE-4C6B-80C2-53A4AD8F67B2}.Release|x86.ActiveCfg = Release|Any CPU
		{778A3E96-2729-496B-9F8A-A079DE43F498}.Debug|Any CPU.ActiveCfg = Debug|Any CPU
		{778A3E96-2729-496B-9F8A-A079DE43F498}.Debug|Any CPU.Build.0 = Debug|Any CPU
		{778A3E96-2729-496B-9F8A-A079DE43F498}.Debug|Mixed Platforms.ActiveCfg = Debug|Any CPU
		{778A3E96-2729-496B-9F8A-A079DE43F498}.Debug|Mixed Platforms.Build.0 = Debug|Any CPU
		{778A3E96-2729-496B-9F8A-A079DE43F498}.Debug|x86.ActiveCfg = Debug|Any CPU
		{778A3E96-2729-496B-9F8A-A079DE43F498}.Release|Any CPU.ActiveCfg = Release|Any CPU
		{778A3E96-2729-496B-9F8A-A079DE43F498}.Release|Any CPU.Build.0 = Release|Any CPU
		{778A3E96-2729-496B-9F8A-A079DE43F498}.Release|Mixed Platforms.ActiveCfg = Release|Any CPU
		{778A3E96-2729-496B-9F8A-A079DE43F498}.Release|Mixed Platforms.Build.0 = Release|Any CPU
		{778A3E96-2729-496B-9F8A-A079DE43F498}.Release|x86.ActiveCfg = Release|Any CPU
		{DA937E89-A598-4373-A25B-4DA35DF5CDE2}.Debug|Any CPU.ActiveCfg = Debug|Any CPU
		{DA937E89-A598-4373-A25B-4DA35DF5CDE2}.Debug|Any CPU.Build.0 = Debug|Any CPU
		{DA937E89-A598-4373-A25B-4DA35DF5CDE2}.Debug|Mixed Platforms.ActiveCfg = Debug|Any CPU
		{DA937E89-A598-4373-A25B-4DA35DF5CDE2}.Debug|Mixed Platforms.Build.0 = Debug|Any CPU
		{DA937E89-A598-4373-A25B-4DA35DF5CDE2}.Debug|x86.ActiveCfg = Debug|Any CPU
		{DA937E89-A598-4373-A25B-4DA35DF5CDE2}.Release|Any CPU.ActiveCfg = Release|Any CPU
		{DA937E89-A598-4373-A25B-4DA35DF5CDE2}.Release|Any CPU.Build.0 = Release|Any CPU
		{DA937E89-A598-4373-A25B-4DA35DF5CDE2}.Release|Mixed Platforms.ActiveCfg = Release|Any CPU
		{DA937E89-A598-4373-A25B-4DA35DF5CDE2}.Release|Mixed Platforms.Build.0 = Release|Any CPU
		{DA937E89-A598-4373-A25B-4DA35DF5CDE2}.Release|x86.ActiveCfg = Release|Any CPU
		{FB133A96-02AC-4945-BBAE-F7C135820827}.Debug|Any CPU.ActiveCfg = Debug|x86
		{FB133A96-02AC-4945-BBAE-F7C135820827}.Debug|Mixed Platforms.ActiveCfg = Debug|x86
		{FB133A96-02AC-4945-BBAE-F7C135820827}.Debug|Mixed Platforms.Build.0 = Debug|x86
		{FB133A96-02AC-4945-BBAE-F7C135820827}.Debug|x86.ActiveCfg = Debug|x86
		{FB133A96-02AC-4945-BBAE-F7C135820827}.Debug|x86.Build.0 = Debug|x86
		{FB133A96-02AC-4945-BBAE-F7C135820827}.Release|Any CPU.ActiveCfg = Release|x86
		{FB133A96-02AC-4945-BBAE-F7C135820827}.Release|Mixed Platforms.ActiveCfg = Release|x86
		{FB133A96-02AC-4945-BBAE-F7C135820827}.Release|Mixed Platforms.Build.0 = Release|x86
		{FB133A96-02AC-4945-BBAE-F7C135820827}.Release|x86.ActiveCfg = Release|x86
		{FB133A96-02AC-4945-BBAE-F7C135820827}.Release|x86.Build.0 = Release|x86
		{6116B911-2830-42FC-A376-EB6B87918ACC}.Debug|Any CPU.ActiveCfg = Debug|x86
		{6116B911-2830-42FC-A376-EB6B87918ACC}.Debug|Mixed Platforms.ActiveCfg = Debug|x86
		{6116B911-2830-42FC-A376-EB6B87918ACC}.Debug|Mixed Platforms.Build.0 = Debug|x86
		{6116B911-2830-42FC-A376-EB6B87918ACC}.Debug|x86.ActiveCfg = Debug|x86
		{6116B911-2830-42FC-A376-EB6B87918ACC}.Debug|x86.Build.0 = Debug|x86
		{6116B911-2830-42FC-A376-EB6B87918ACC}.Release|Any CPU.ActiveCfg = Release|x86
		{6116B911-2830-42FC-A376-EB6B87918ACC}.Release|Mixed Platforms.ActiveCfg = Release|x86
		{6116B911-2830-42FC-A376-EB6B87918ACC}.Release|Mixed Platforms.Build.0 = Release|x86
		{6116B911-2830-42FC-A376-EB6B87918ACC}.Release|x86.ActiveCfg = Release|x86
		{6116B911-2830-42FC-A376-EB6B87918ACC}.Release|x86.Build.0 = Release|x86
		{198852EA-445A-422D-9895-1213F9D36C25}.Debug|Any CPU.ActiveCfg = Debug|x86
		{198852EA-445A-422D-9895-1213F9D36C25}.Debug|Mixed Platforms.ActiveCfg = Debug|x86
		{198852EA-445A-422D-9895-1213F9D36C25}.Debug|Mixed Platforms.Build.0 = Debug|x86
		{198852EA-445A-422D-9895-1213F9D36C25}.Debug|x86.ActiveCfg = Debug|x86
		{198852EA-445A-422D-9895-1213F9D36C25}.Debug|x86.Build.0 = Debug|x86
		{198852EA-445A-422D-9895-1213F9D36C25}.Release|Any CPU.ActiveCfg = Release|x86
		{198852EA-445A-422D-9895-1213F9D36C25}.Release|Mixed Platforms.ActiveCfg = Release|x86
		{198852EA-445A-422D-9895-1213F9D36C25}.Release|Mixed Platforms.Build.0 = Release|x86
		{198852EA-445A-422D-9895-1213F9D36C25}.Release|x86.ActiveCfg = Release|x86
		{198852EA-445A-422D-9895-1213F9D36C25}.Release|x86.Build.0 = Release|x86
		{884EC63E-BBFB-4F4F-B1B6-85BE61B69ED6}.Debug|Any CPU.ActiveCfg = Debug|x86
		{884EC63E-BBFB-4F4F-B1B6-85BE61B69ED6}.Debug|Mixed Platforms.ActiveCfg = Debug|x86
		{884EC63E-BBFB-4F4F-B1B6-85BE61B69ED6}.Debug|Mixed Platforms.Build.0 = Debug|x86
		{884EC63E-BBFB-4F4F-B1B6-85BE61B69ED6}.Debug|x86.ActiveCfg = Debug|x86
		{884EC63E-BBFB-4F4F-B1B6-85BE61B69ED6}.Debug|x86.Build.0 = Debug|x86
		{884EC63E-BBFB-4F4F-B1B6-85BE61B69ED6}.Release|Any CPU.ActiveCfg = Release|x86
		{884EC63E-BBFB-4F4F-B1B6-85BE61B69ED6}.Release|Mixed Platforms.ActiveCfg = Release|x86
		{884EC63E-BBFB-4F4F-B1B6-85BE61B69ED6}.Release|Mixed Platforms.Build.0 = Release|x86
		{884EC63E-BBFB-4F4F-B1B6-85BE61B69ED6}.Release|x86.ActiveCfg = Release|x86
		{884EC63E-BBFB-4F4F-B1B6-85BE61B69ED6}.Release|x86.Build.0 = Release|x86
		{8909C854-064D-4833-AA02-A89B4329381F}.Debug|Any CPU.ActiveCfg = Debug|x86
		{8909C854-064D-4833-AA02-A89B4329381F}.Debug|Mixed Platforms.ActiveCfg = Debug|x86
		{8909C854-064D-4833-AA02-A89B4329381F}.Debug|Mixed Platforms.Build.0 = Debug|x86
		{8909C854-064D-4833-AA02-A89B4329381F}.Debug|x86.ActiveCfg = Debug|x86
		{8909C854-064D-4833-AA02-A89B4329381F}.Debug|x86.Build.0 = Debug|x86
		{8909C854-064D-4833-AA02-A89B4329381F}.Release|Any CPU.ActiveCfg = Release|x86
		{8909C854-064D-4833-AA02-A89B4329381F}.Release|Mixed Platforms.ActiveCfg = Release|x86
		{8909C854-064D-4833-AA02-A89B4329381F}.Release|Mixed Platforms.Build.0 = Release|x86
		{8909C854-064D-4833-AA02-A89B4329381F}.Release|x86.ActiveCfg = Release|x86
		{8909C854-064D-4833-AA02-A89B4329381F}.Release|x86.Build.0 = Release|x86
		{BDEDA0C6-E3A7-4C9B-ACCE-15CA04AE7A4A}.Debug|Any CPU.ActiveCfg = Debug|x86
		{BDEDA0C6-E3A7-4C9B-ACCE-15CA04AE7A4A}.Debug|Mixed Platforms.ActiveCfg = Debug|x86
		{BDEDA0C6-E3A7-4C9B-ACCE-15CA04AE7A4A}.Debug|Mixed Platforms.Build.0 = Debug|x86
		{BDEDA0C6-E3A7-4C9B-ACCE-15CA04AE7A4A}.Debug|x86.ActiveCfg = Debug|x86
		{BDEDA0C6-E3A7-4C9B-ACCE-15CA04AE7A4A}.Debug|x86.Build.0 = Debug|x86
		{BDEDA0C6-E3A7-4C9B-ACCE-15CA04AE7A4A}.Release|Any CPU.ActiveCfg = Release|x86
		{BDEDA0C6-E3A7-4C9B-ACCE-15CA04AE7A4A}.Release|Mixed Platforms.ActiveCfg = Release|x86
		{BDEDA0C6-E3A7-4C9B-ACCE-15CA04AE7A4A}.Release|Mixed Platforms.Build.0 = Release|x86
		{BDEDA0C6-E3A7-4C9B-ACCE-15CA04AE7A4A}.Release|x86.ActiveCfg = Release|x86
		{BDEDA0C6-E3A7-4C9B-ACCE-15CA04AE7A4A}.Release|x86.Build.0 = Release|x86
		{452AF3FE-C139-4EE1-AC86-8DE5C74013D4}.Debug|Any CPU.ActiveCfg = Debug|x86
		{452AF3FE-C139-4EE1-AC86-8DE5C74013D4}.Debug|Mixed Platforms.ActiveCfg = Debug|x86
		{452AF3FE-C139-4EE1-AC86-8DE5C74013D4}.Debug|Mixed Platforms.Build.0 = Debug|x86
		{452AF3FE-C139-4EE1-AC86-8DE5C74013D4}.Debug|x86.ActiveCfg = Debug|x86
		{452AF3FE-C139-4EE1-AC86-8DE5C74013D4}.Debug|x86.Build.0 = Debug|x86
		{452AF3FE-C139-4EE1-AC86-8DE5C74013D4}.Release|Any CPU.ActiveCfg = Release|x86
		{452AF3FE-C139-4EE1-AC86-8DE5C74013D4}.Release|Mixed Platforms.ActiveCfg = Release|x86
		{452AF3FE-C139-4EE1-AC86-8DE5C74013D4}.Release|Mixed Platforms.Build.0 = Release|x86
		{452AF3FE-C139-4EE1-AC86-8DE5C74013D4}.Release|x86.ActiveCfg = Release|x86
		{452AF3FE-C139-4EE1-AC86-8DE5C74013D4}.Release|x86.Build.0 = Release|x86
		{29560061-928D-4A2E-AD1A-D9143942D577}.Debug|Any CPU.ActiveCfg = Debug
		{29560061-928D-4A2E-AD1A-D9143942D577}.Debug|Mixed Platforms.ActiveCfg = Debug
		{29560061-928D-4A2E-AD1A-D9143942D577}.Debug|x86.ActiveCfg = Debug
		{29560061-928D-4A2E-AD1A-D9143942D577}.Release|Any CPU.ActiveCfg = Release
		{29560061-928D-4A2E-AD1A-D9143942D577}.Release|Mixed Platforms.ActiveCfg = Release
		{29560061-928D-4A2E-AD1A-D9143942D577}.Release|x86.ActiveCfg = Release
		{E282FC3B-2AE1-490D-B7CD-5773448B1939}.Debug|Any CPU.ActiveCfg = Debug|Any CPU
		{E282FC3B-2AE1-490D-B7CD-5773448B1939}.Debug|Any CPU.Build.0 = Debug|Any CPU
		{E282FC3B-2AE1-490D-B7CD-5773448B1939}.Debug|Mixed Platforms.ActiveCfg = Debug|Any CPU
		{E282FC3B-2AE1-490D-B7CD-5773448B1939}.Debug|Mixed Platforms.Build.0 = Debug|Any CPU
		{E282FC3B-2AE1-490D-B7CD-5773448B1939}.Debug|x86.ActiveCfg = Debug|Any CPU
		{E282FC3B-2AE1-490D-B7CD-5773448B1939}.Release|Any CPU.ActiveCfg = Release|Any CPU
		{E282FC3B-2AE1-490D-B7CD-5773448B1939}.Release|Any CPU.Build.0 = Release|Any CPU
		{E282FC3B-2AE1-490D-B7CD-5773448B1939}.Release|Mixed Platforms.ActiveCfg = Release|Any CPU
		{E282FC3B-2AE1-490D-B7CD-5773448B1939}.Release|Mixed Platforms.Build.0 = Release|Any CPU
		{E282FC3B-2AE1-490D-B7CD-5773448B1939}.Release|x86.ActiveCfg = Release|Any CPU
		{64AE5BA1-9786-428C-8FBA-BE3A7E440F96}.Debug|Any CPU.ActiveCfg = Debug|x86
		{64AE5BA1-9786-428C-8FBA-BE3A7E440F96}.Debug|Mixed Platforms.ActiveCfg = Debug|x86
		{64AE5BA1-9786-428C-8FBA-BE3A7E440F96}.Debug|Mixed Platforms.Build.0 = Debug|x86
		{64AE5BA1-9786-428C-8FBA-BE3A7E440F96}.Debug|x86.ActiveCfg = Debug|x86
		{64AE5BA1-9786-428C-8FBA-BE3A7E440F96}.Debug|x86.Build.0 = Debug|x86
		{64AE5BA1-9786-428C-8FBA-BE3A7E440F96}.Release|Any CPU.ActiveCfg = Release|x86
		{64AE5BA1-9786-428C-8FBA-BE3A7E440F96}.Release|Mixed Platforms.ActiveCfg = Release|x86
		{64AE5BA1-9786-428C-8FBA-BE3A7E440F96}.Release|Mixed Platforms.Build.0 = Release|x86
		{64AE5BA1-9786-428C-8FBA-BE3A7E440F96}.Release|x86.ActiveCfg = Release|x86
		{64AE5BA1-9786-428C-8FBA-BE3A7E440F96}.Release|x86.Build.0 = Release|x86
		{B268E84A-31E4-4D7E-9E47-FBDD2BA68ABB}.Debug|Any CPU.ActiveCfg = Debug|Any CPU
		{B268E84A-31E4-4D7E-9E47-FBDD2BA68ABB}.Debug|Any CPU.Build.0 = Debug|Any CPU
		{B268E84A-31E4-4D7E-9E47-FBDD2BA68ABB}.Debug|Mixed Platforms.ActiveCfg = Debug|Any CPU
		{B268E84A-31E4-4D7E-9E47-FBDD2BA68ABB}.Debug|Mixed Platforms.Build.0 = Debug|Any CPU
		{B268E84A-31E4-4D7E-9E47-FBDD2BA68ABB}.Debug|x86.ActiveCfg = Debug|Any CPU
		{B268E84A-31E4-4D7E-9E47-FBDD2BA68ABB}.Release|Any CPU.ActiveCfg = Release|Any CPU
		{B268E84A-31E4-4D7E-9E47-FBDD2BA68ABB}.Release|Any CPU.Build.0 = Release|Any CPU
		{B268E84A-31E4-4D7E-9E47-FBDD2BA68ABB}.Release|Mixed Platforms.ActiveCfg = Release|Any CPU
		{B268E84A-31E4-4D7E-9E47-FBDD2BA68ABB}.Release|Mixed Platforms.Build.0 = Release|Any CPU
		{B268E84A-31E4-4D7E-9E47-FBDD2BA68ABB}.Release|x86.ActiveCfg = Release|Any CPU
		{5CAC5FFA-F757-48E9-8BDE-4F7BDC3A4185}.Debug|Any CPU.ActiveCfg = Debug|Any CPU
		{5CAC5FFA-F757-48E9-8BDE-4F7BDC3A4185}.Debug|Any CPU.Build.0 = Debug|Any CPU
		{5CAC5FFA-F757-48E9-8BDE-4F7BDC3A4185}.Debug|Mixed Platforms.ActiveCfg = Debug|Any CPU
		{5CAC5FFA-F757-48E9-8BDE-4F7BDC3A4185}.Debug|Mixed Platforms.Build.0 = Debug|Any CPU
		{5CAC5FFA-F757-48E9-8BDE-4F7BDC3A4185}.Debug|x86.ActiveCfg = Debug|Any CPU
		{5CAC5FFA-F757-48E9-8BDE-4F7BDC3A4185}.Release|Any CPU.ActiveCfg = Release|Any CPU
		{5CAC5FFA-F757-48E9-8BDE-4F7BDC3A4185}.Release|Any CPU.Build.0 = Release|Any CPU
		{5CAC5FFA-F757-48E9-8BDE-4F7BDC3A4185}.Release|Mixed Platforms.ActiveCfg = Release|Any CPU
		{5CAC5FFA-F757-48E9-8BDE-4F7BDC3A4185}.Release|Mixed Platforms.Build.0 = Release|Any CPU
		{5CAC5FFA-F757-48E9-8BDE-4F7BDC3A4185}.Release|x86.ActiveCfg = Release|Any CPU
	EndGlobalSection
	GlobalSection(SolutionProperties) = preSolution
		HideSolutionNode = FALSE
	EndGlobalSection
EndGlobal
