
Microsoft Visual Studio Solution File, Format Version 11.00
# Visual Studio 2010
Project("{54435603-DBB4-11D2-8724-00A0C9A8B90C}") = "NFe4Web", "NFe4Web\NFe4Web.vdproj", "{5E658F68-00D0-4E05-9C9B-EFE32D19126C}"
EndProject
Global
	GlobalSection(SolutionConfigurationPlatforms) = preSolution
		Debug|Default = Debug|Default
		Release|Default = Release|Default
	EndGlobalSection
	GlobalSection(ProjectConfigurationPlatforms) = postSolution
		{5E658F68-00D0-4E05-9C9B-EFE32D19126C}.Debug|Default.ActiveCfg = Debug
		{5E658F68-00D0-4E05-9C9B-EFE32D19126C}.Debug|Default.Build.0 = Debug
		{5E658F68-00D0-4E05-9C9B-EFE32D19126C}.Release|Default.ActiveCfg = Release
		{5E658F68-00D0-4E05-9C9B-EFE32D19126C}.Release|Default.Build.0 = Release
	EndGlobalSection
	GlobalSection(SolutionProperties) = preSolution
		HideSolutionNode = FALSE
	EndGlobalSection
EndGlobal
